{
  "version": 4,
  "terraform_version": "1.2.8",
  "serial": 191,
  "lineage": "edfc502e-1363-43ea-6da1-909d19ded135",
  "outputs": {
    "controller_ip_address": {
      "value": [
        {
          "IPAddress": "10.40.0.4",
          "Name": "WestEurope"
        }
      ],
      "type": [
        "tuple",
        [
          [
            "object",
            {
              "IPAddress": "string",
              "Name": "string"
            }
          ]
        ]
      ]
    },
    "worker_ip_address": {
      "value": [
        {
          "IPAddress": "10.41.0.4",
          "Name": "WestEurope"
        },
        {
          "IPAddress": "10.42.0.4",
          "Name": "NorthEurope"
        },
        {
          "IPAddress": "10.43.0.4",
          "Name": "SwedenCentral"
        },
        {
          "IPAddress": "10.44.0.4",
          "Name": "UKSouth"
        },
        {
          "IPAddress": "10.45.0.4",
          "Name": "GermanyWestCentral"
        }
      ],
      "type": [
        "tuple",
        [
          [
            "object",
            {
              "IPAddress": "string",
              "Name": "string"
            }
          ],
          [
            "object",
            {
              "IPAddress": "string",
              "Name": "string"
            }
          ],
          [
            "object",
            {
              "IPAddress": "string",
              "Name": "string"
            }
          ],
          [
            "object",
            {
              "IPAddress": "string",
              "Name": "string"
            }
          ],
          [
            "object",
            {
              "IPAddress": "string",
              "Name": "string"
            }
          ]
        ]
      ]
    }
  },
  "resources": [
    {
      "module": "module.controller",
      "mode": "managed",
      "type": "azurerm_container_group",
      "name": "controller",
      "provider": "provider[\"registry.terraform.io/hashicorp/azurerm\"]",
      "instances": [
        {
          "schema_version": 0,
          "attributes": {
            "container": [
              {
                "commands": [],
                "cpu": 4,
                "cpu_limit": 0,
                "environment_variables": {
                  "branch": "config",
                  "config": "config-eu/SchedulerConfig",
                  "repo": "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@github.com/SAP-samples/cap-distributed-resiliency.git"
                },
                "gpu": [],
                "gpu_limit": [],
                "image": "ghcr.io/kshanth/jmeter_controller:latest",
                "liveness_probe": [],
                "memory": 8,
                "memory_limit": 0,
                "name": "perftest-controller",
                "ports": [
                  {
                    "port": 60000,
                    "protocol": "TCP"
                  }
                ],
                "readiness_probe": [],
                "secure_environment_variables": null,
                "volume": []
              }
            ],
            "diagnostics": [],
            "dns_config": [],
            "dns_name_label": "",
            "dns_name_label_reuse_policy": "Unsecure",
            "exposed_port": [
              {
                "port": 60000,
                "protocol": "TCP"
              }
            ],
            "fqdn": "",
            "id": "/subscriptions/53990dba-8128-4100-bb6d-ed38861c9f8f/resourceGroups/btp-perftest-with-SAP/providers/Microsoft.ContainerInstance/containerGroups/perftest-westeurope-controller",
            "identity": [],
            "image_registry_credential": [],
            "init_container": [],
            "ip_address": "10.40.0.4",
            "ip_address_type": "Private",
            "key_vault_key_id": null,
            "location": "westeurope",
            "name": "perftest-westeurope-controller",
            "network_profile_id": null,
            "os_type": "Linux",
            "resource_group_name": "btp-perftest-with-SAP",
            "restart_policy": "Never",
            "subnet_ids": [
              "/subscriptions/53990dba-8128-4100-bb6d-ed38861c9f8f/resourceGroups/btp-perftest-with-SAP/providers/Microsoft.Network/virtualNetworks/perftest-westeurope-vnet/subnets/perftest-westeurope-subnet"
            ],
            "tags": null,
            "timeouts": null,
            "zones": null
          },
          "sensitive_attributes": [],
          "private": "eyJlMmJmYjczMC1lY2FhLTExZTYtOGY4OC0zNDM2M2JjN2M0YzAiOnsiY3JlYXRlIjoxODAwMDAwMDAwMDAwLCJkZWxldGUiOjE4MDAwMDAwMDAwMDAsInJlYWQiOjMwMDAwMDAwMDAwMCwidXBkYXRlIjoxODAwMDAwMDAwMDAwfX0=",
          "dependencies": [
            "module.controller.azurerm_subnet.subnet",
            "module.controller.azurerm_virtual_network.vnet"
          ]
        }
      ]
    },
    {
      "module": "module.controller",
      "mode": "managed",
      "type": "azurerm_subnet",
      "name": "subnet",
      "provider": "provider[\"registry.terraform.io/hashicorp/azurerm\"]",
      "instances": [
        {
          "schema_version": 0,
          "attributes": {
            "address_prefixes": [
              "10.40.0.0/24"
            ],
            "delegation": [
              {
                "name": "perftest-westeurope-delegation",
                "service_delegation": [
                  {
                    "actions": [
                      "Microsoft.Network/virtualNetworks/subnets/action"
                    ],
                    "name": "Microsoft.ContainerInstance/containerGroups"
                  }
                ]
              }
            ],
            "enforce_private_link_endpoint_network_policies": false,
            "enforce_private_link_service_network_policies": false,
            "id": "/subscriptions/53990dba-8128-4100-bb6d-ed38861c9f8f/resourceGroups/btp-perftest-with-SAP/providers/Microsoft.Network/virtualNetworks/perftest-westeurope-vnet/subnets/perftest-westeurope-subnet",
            "name": "perftest-westeurope-subnet",
            "private_endpoint_network_policies_enabled": true,
            "private_link_service_network_policies_enabled": true,
            "resource_group_name": "btp-perftest-with-SAP",
            "service_endpoint_policy_ids": null,
            "service_endpoints": null,
            "timeouts": null,
            "virtual_network_name": "perftest-westeurope-vnet"
          },
          "sensitive_attributes": [],
          "private": "eyJlMmJmYjczMC1lY2FhLTExZTYtOGY4OC0zNDM2M2JjN2M0YzAiOnsiY3JlYXRlIjoxODAwMDAwMDAwMDAwLCJkZWxldGUiOjE4MDAwMDAwMDAwMDAsInJlYWQiOjMwMDAwMDAwMDAwMCwidXBkYXRlIjoxODAwMDAwMDAwMDAwfX0=",
          "dependencies": [
            "module.controller.azurerm_virtual_network.vnet"
          ]
        }
      ]
    },
    {
      "module": "module.controller",
      "mode": "managed",
      "type": "azurerm_virtual_network",
      "name": "vnet",
      "provider": "provider[\"registry.terraform.io/hashicorp/azurerm\"]",
      "instances": [
        {
          "schema_version": 0,
          "attributes": {
            "address_space": [
              "10.40.0.0/16"
            ],
            "bgp_community": "",
            "ddos_protection_plan": [],
            "dns_servers": [],
            "edge_zone": "",
            "flow_timeout_in_minutes": 0,
            "guid": "592d01bd-9811-4b93-bd93-36471127841e",
            "id": "/subscriptions/53990dba-8128-4100-bb6d-ed38861c9f8f/resourceGroups/btp-perftest-with-SAP/providers/Microsoft.Network/virtualNetworks/perftest-westeurope-vnet",
            "location": "westeurope",
            "name": "perftest-westeurope-vnet",
            "resource_group_name": "btp-perftest-with-SAP",
            "subnet": [],
            "tags": null,
            "timeouts": null
          },
          "sensitive_attributes": [],
          "private": "eyJlMmJmYjczMC1lY2FhLTExZTYtOGY4OC0zNDM2M2JjN2M0YzAiOnsiY3JlYXRlIjoxODAwMDAwMDAwMDAwLCJkZWxldGUiOjE4MDAwMDAwMDAwMDAsInJlYWQiOjMwMDAwMDAwMDAwMCwidXBkYXRlIjoxODAwMDAwMDAwMDAwfX0="
        }
      ]
    },
    {
      "module": "module.workers[\"0\"]",
      "mode": "managed",
      "type": "azurerm_container_group",
      "name": "worker",
      "provider": "provider[\"registry.terraform.io/hashicorp/azurerm\"]",
      "instances": [
        {
          "schema_version": 0,
          "attributes": {
            "container": [
              {
                "commands": [],
                "cpu": 2,
                "cpu_limit": 0,
                "environment_variables": null,
                "gpu": [],
                "gpu_limit": [],
                "image": "ghcr.io/kshanth/jmeter_worker:latest",
                "liveness_probe": [],
                "memory": 8,
                "memory_limit": 0,
                "name": "perftest-worker",
                "ports": [
                  {
                    "port": 1099,
                    "protocol": "TCP"
                  },
                  {
                    "port": 50000,
                    "protocol": "TCP"
                  }
                ],
                "readiness_probe": [],
                "secure_environment_variables": null,
                "volume": []
              }
            ],
            "diagnostics": [],
            "dns_config": [],
            "dns_name_label": "",
            "dns_name_label_reuse_policy": "Unsecure",
            "exposed_port": [
              {
                "port": 1099,
                "protocol": "TCP"
              },
              {
                "port": 50000,
                "protocol": "TCP"
              }
            ],
            "fqdn": "",
            "id": "/subscriptions/53990dba-8128-4100-bb6d-ed38861c9f8f/resourceGroups/btp-perftest-with-SAP/providers/Microsoft.ContainerInstance/containerGroups/perftest-westeurope-worker",
            "identity": [],
            "image_registry_credential": [],
            "init_container": [],
            "ip_address": "10.41.0.4",
            "ip_address_type": "Private",
            "key_vault_key_id": null,
            "location": "westeurope",
            "name": "perftest-westeurope-worker",
            "network_profile_id": null,
            "os_type": "Linux",
            "resource_group_name": "btp-perftest-with-SAP",
            "restart_policy": "Never",
            "subnet_ids": [
              "/subscriptions/53990dba-8128-4100-bb6d-ed38861c9f8f/resourceGroups/btp-perftest-with-SAP/providers/Microsoft.Network/virtualNetworks/perftest-westeurope-worker-vnet/subnets/perftest-westeurope-worker-subnet"
            ],
            "tags": null,
            "timeouts": null,
            "zones": null
          },
          "sensitive_attributes": [],
          "private": "eyJlMmJmYjczMC1lY2FhLTExZTYtOGY4OC0zNDM2M2JjN2M0YzAiOnsiY3JlYXRlIjoxODAwMDAwMDAwMDAwLCJkZWxldGUiOjE4MDAwMDAwMDAwMDAsInJlYWQiOjMwMDAwMDAwMDAwMCwidXBkYXRlIjoxODAwMDAwMDAwMDAwfX0=",
          "dependencies": [
            "module.workers.azurerm_subnet.subnet",
            "module.workers.azurerm_virtual_network.vnet"
          ]
        }
      ]
    },
    {
      "module": "module.workers[\"0\"]",
      "mode": "managed",
      "type": "azurerm_subnet",
      "name": "subnet",
      "provider": "provider[\"registry.terraform.io/hashicorp/azurerm\"]",
      "instances": [
        {
          "schema_version": 0,
          "attributes": {
            "address_prefixes": [
              "10.41.0.0/24"
            ],
            "delegation": [
              {
                "name": "perftest-westeurope-delegation",
                "service_delegation": [
                  {
                    "actions": [
                      "Microsoft.Network/virtualNetworks/subnets/action"
                    ],
                    "name": "Microsoft.ContainerInstance/containerGroups"
                  }
                ]
              }
            ],
            "enforce_private_link_endpoint_network_policies": false,
            "enforce_private_link_service_network_policies": false,
            "id": "/subscriptions/53990dba-8128-4100-bb6d-ed38861c9f8f/resourceGroups/btp-perftest-with-SAP/providers/Microsoft.Network/virtualNetworks/perftest-westeurope-worker-vnet/subnets/perftest-westeurope-worker-subnet",
            "name": "perftest-westeurope-worker-subnet",
            "private_endpoint_network_policies_enabled": true,
            "private_link_service_network_policies_enabled": true,
            "resource_group_name": "btp-perftest-with-SAP",
            "service_endpoint_policy_ids": null,
            "service_endpoints": null,
            "timeouts": null,
            "virtual_network_name": "perftest-westeurope-worker-vnet"
          },
          "sensitive_attributes": [],
          "private": "eyJlMmJmYjczMC1lY2FhLTExZTYtOGY4OC0zNDM2M2JjN2M0YzAiOnsiY3JlYXRlIjoxODAwMDAwMDAwMDAwLCJkZWxldGUiOjE4MDAwMDAwMDAwMDAsInJlYWQiOjMwMDAwMDAwMDAwMCwidXBkYXRlIjoxODAwMDAwMDAwMDAwfX0=",
          "dependencies": [
            "module.workers.azurerm_virtual_network.vnet"
          ]
        }
      ]
    },
    {
      "module": "module.workers[\"0\"]",
      "mode": "managed",
      "type": "azurerm_virtual_network",
      "name": "vnet",
      "provider": "provider[\"registry.terraform.io/hashicorp/azurerm\"]",
      "instances": [
        {
          "schema_version": 0,
          "attributes": {
            "address_space": [
              "10.41.0.0/16"
            ],
            "bgp_community": "",
            "ddos_protection_plan": [],
            "dns_servers": [],
            "edge_zone": "",
            "flow_timeout_in_minutes": 0,
            "guid": "ca5edf98-8475-42ac-8ab6-9b489e000b78",
            "id": "/subscriptions/53990dba-8128-4100-bb6d-ed38861c9f8f/resourceGroups/btp-perftest-with-SAP/providers/Microsoft.Network/virtualNetworks/perftest-westeurope-worker-vnet",
            "location": "westeurope",
            "name": "perftest-westeurope-worker-vnet",
            "resource_group_name": "btp-perftest-with-SAP",
            "subnet": [],
            "tags": null,
            "timeouts": null
          },
          "sensitive_attributes": [],
          "private": "eyJlMmJmYjczMC1lY2FhLTExZTYtOGY4OC0zNDM2M2JjN2M0YzAiOnsiY3JlYXRlIjoxODAwMDAwMDAwMDAwLCJkZWxldGUiOjE4MDAwMDAwMDAwMDAsInJlYWQiOjMwMDAwMDAwMDAwMCwidXBkYXRlIjoxODAwMDAwMDAwMDAwfX0="
        }
      ]
    },
    {
      "module": "module.workers[\"0\"]",
      "mode": "managed",
      "type": "azurerm_virtual_network_peering",
      "name": "vnet_peering_controller",
      "provider": "provider[\"registry.terraform.io/hashicorp/azurerm\"]",
      "instances": [
        {
          "schema_version": 0,
          "attributes": {
            "allow_forwarded_traffic": false,
            "allow_gateway_transit": false,
            "allow_virtual_network_access": true,
            "id": "/subscriptions/53990dba-8128-4100-bb6d-ed38861c9f8f/resourceGroups/btp-perftest-with-SAP/providers/Microsoft.Network/virtualNetworks/perftest-westeurope-vnet/virtualNetworkPeerings/perftest-westeurope-controller-to-worker",
            "name": "perftest-westeurope-controller-to-worker",
            "remote_virtual_network_id": "/subscriptions/53990dba-8128-4100-bb6d-ed38861c9f8f/resourceGroups/btp-perftest-with-SAP/providers/Microsoft.Network/virtualNetworks/perftest-westeurope-worker-vnet",
            "resource_group_name": "btp-perftest-with-SAP",
            "timeouts": null,
            "triggers": null,
            "use_remote_gateways": false,
            "virtual_network_name": "perftest-westeurope-vnet"
          },
          "sensitive_attributes": [],
          "private": "eyJlMmJmYjczMC1lY2FhLTExZTYtOGY4OC0zNDM2M2JjN2M0YzAiOnsiY3JlYXRlIjoxODAwMDAwMDAwMDAwLCJkZWxldGUiOjE4MDAwMDAwMDAwMDAsInJlYWQiOjMwMDAwMDAwMDAwMCwidXBkYXRlIjoxODAwMDAwMDAwMDAwfX0=",
          "dependencies": [
            "module.workers.azurerm_virtual_network.vnet"
          ]
        }
      ]
    },
    {
      "module": "module.workers[\"0\"]",
      "mode": "managed",
      "type": "azurerm_virtual_network_peering",
      "name": "vnet_peering_worker",
      "provider": "provider[\"registry.terraform.io/hashicorp/azurerm\"]",
      "instances": [
        {
          "schema_version": 0,
          "attributes": {
            "allow_forwarded_traffic": false,
            "allow_gateway_transit": false,
            "allow_virtual_network_access": true,
            "id": "/subscriptions/53990dba-8128-4100-bb6d-ed38861c9f8f/resourceGroups/btp-perftest-with-SAP/providers/Microsoft.Network/virtualNetworks/perftest-westeurope-worker-vnet/virtualNetworkPeerings/perftest-westeurope-worker-to-controller",
            "name": "perftest-westeurope-worker-to-controller",
            "remote_virtual_network_id": "/subscriptions/53990dba-8128-4100-bb6d-ed38861c9f8f/resourceGroups/btp-perftest-with-SAP/providers/Microsoft.Network/virtualNetworks/perftest-westeurope-vnet",
            "resource_group_name": "btp-perftest-with-SAP",
            "timeouts": null,
            "triggers": null,
            "use_remote_gateways": false,
            "virtual_network_name": "perftest-westeurope-worker-vnet"
          },
          "sensitive_attributes": [],
          "private": "eyJlMmJmYjczMC1lY2FhLTExZTYtOGY4OC0zNDM2M2JjN2M0YzAiOnsiY3JlYXRlIjoxODAwMDAwMDAwMDAwLCJkZWxldGUiOjE4MDAwMDAwMDAwMDAsInJlYWQiOjMwMDAwMDAwMDAwMCwidXBkYXRlIjoxODAwMDAwMDAwMDAwfX0=",
          "dependencies": [
            "module.controller.azurerm_virtual_network.vnet",
            "module.workers.azurerm_virtual_network.vnet"
          ]
        }
      ]
    },
    {
      "module": "module.workers[\"1\"]",
      "mode": "managed",
      "type": "azurerm_container_group",
      "name": "worker",
      "provider": "provider[\"registry.terraform.io/hashicorp/azurerm\"]",
      "instances": [
        {
          "schema_version": 0,
          "attributes": {
            "container": [
              {
                "commands": [],
                "cpu": 2,
                "cpu_limit": 0,
                "environment_variables": null,
                "gpu": [],
                "gpu_limit": [],
                "image": "ghcr.io/kshanth/jmeter_worker:latest",
                "liveness_probe": [],
                "memory": 8,
                "memory_limit": 0,
                "name": "perftest-worker",
                "ports": [
                  {
                    "port": 1099,
                    "protocol": "TCP"
                  },
                  {
                    "port": 50000,
                    "protocol": "TCP"
                  }
                ],
                "readiness_probe": [],
                "secure_environment_variables": null,
                "volume": []
              }
            ],
            "diagnostics": [],
            "dns_config": [],
            "dns_name_label": "",
            "dns_name_label_reuse_policy": "Unsecure",
            "exposed_port": [
              {
                "port": 1099,
                "protocol": "TCP"
              },
              {
                "port": 50000,
                "protocol": "TCP"
              }
            ],
            "fqdn": "",
            "id": "/subscriptions/53990dba-8128-4100-bb6d-ed38861c9f8f/resourceGroups/btp-perftest-with-SAP/providers/Microsoft.ContainerInstance/containerGroups/perftest-northeurope-worker",
            "identity": [],
            "image_registry_credential": [],
            "init_container": [],
            "ip_address": "10.42.0.4",
            "ip_address_type": "Private",
            "key_vault_key_id": null,
            "location": "northeurope",
            "name": "perftest-northeurope-worker",
            "network_profile_id": null,
            "os_type": "Linux",
            "resource_group_name": "btp-perftest-with-SAP",
            "restart_policy": "Never",
            "subnet_ids": [
              "/subscriptions/53990dba-8128-4100-bb6d-ed38861c9f8f/resourceGroups/btp-perftest-with-SAP/providers/Microsoft.Network/virtualNetworks/perftest-northeurope-worker-vnet/subnets/perftest-northeurope-worker-subnet"
            ],
            "tags": null,
            "timeouts": null,
            "zones": null
          },
          "sensitive_attributes": [],
          "private": "eyJlMmJmYjczMC1lY2FhLTExZTYtOGY4OC0zNDM2M2JjN2M0YzAiOnsiY3JlYXRlIjoxODAwMDAwMDAwMDAwLCJkZWxldGUiOjE4MDAwMDAwMDAwMDAsInJlYWQiOjMwMDAwMDAwMDAwMCwidXBkYXRlIjoxODAwMDAwMDAwMDAwfX0=",
          "dependencies": [
            "module.workers.azurerm_subnet.subnet",
            "module.workers.azurerm_virtual_network.vnet"
          ]
        }
      ]
    },
    {
      "module": "module.workers[\"1\"]",
      "mode": "managed",
      "type": "azurerm_subnet",
      "name": "subnet",
      "provider": "provider[\"registry.terraform.io/hashicorp/azurerm\"]",
      "instances": [
        {
          "schema_version": 0,
          "attributes": {
            "address_prefixes": [
              "10.42.0.0/24"
            ],
            "delegation": [
              {
                "name": "perftest-northeurope-delegation",
                "service_delegation": [
                  {
                    "actions": [
                      "Microsoft.Network/virtualNetworks/subnets/action"
                    ],
                    "name": "Microsoft.ContainerInstance/containerGroups"
                  }
                ]
              }
            ],
            "enforce_private_link_endpoint_network_policies": false,
            "enforce_private_link_service_network_policies": false,
            "id": "/subscriptions/53990dba-8128-4100-bb6d-ed38861c9f8f/resourceGroups/btp-perftest-with-SAP/providers/Microsoft.Network/virtualNetworks/perftest-northeurope-worker-vnet/subnets/perftest-northeurope-worker-subnet",
            "name": "perftest-northeurope-worker-subnet",
            "private_endpoint_network_policies_enabled": true,
            "private_link_service_network_policies_enabled": true,
            "resource_group_name": "btp-perftest-with-SAP",
            "service_endpoint_policy_ids": null,
            "service_endpoints": null,
            "timeouts": null,
            "virtual_network_name": "perftest-northeurope-worker-vnet"
          },
          "sensitive_attributes": [],
          "private": "eyJlMmJmYjczMC1lY2FhLTExZTYtOGY4OC0zNDM2M2JjN2M0YzAiOnsiY3JlYXRlIjoxODAwMDAwMDAwMDAwLCJkZWxldGUiOjE4MDAwMDAwMDAwMDAsInJlYWQiOjMwMDAwMDAwMDAwMCwidXBkYXRlIjoxODAwMDAwMDAwMDAwfX0=",
          "dependencies": [
            "module.workers.azurerm_virtual_network.vnet"
          ]
        }
      ]
    },
    {
      "module": "module.workers[\"1\"]",
      "mode": "managed",
      "type": "azurerm_virtual_network",
      "name": "vnet",
      "provider": "provider[\"registry.terraform.io/hashicorp/azurerm\"]",
      "instances": [
        {
          "schema_version": 0,
          "attributes": {
            "address_space": [
              "10.42.0.0/16"
            ],
            "bgp_community": "",
            "ddos_protection_plan": [],
            "dns_servers": [],
            "edge_zone": "",
            "flow_timeout_in_minutes": 0,
            "guid": "d80e9109-aa80-4b61-8cbb-4fc5eb791cd2",
            "id": "/subscriptions/53990dba-8128-4100-bb6d-ed38861c9f8f/resourceGroups/btp-perftest-with-SAP/providers/Microsoft.Network/virtualNetworks/perftest-northeurope-worker-vnet",
            "location": "northeurope",
            "name": "perftest-northeurope-worker-vnet",
            "resource_group_name": "btp-perftest-with-SAP",
            "subnet": [],
            "tags": null,
            "timeouts": null
          },
          "sensitive_attributes": [],
          "private": "eyJlMmJmYjczMC1lY2FhLTExZTYtOGY4OC0zNDM2M2JjN2M0YzAiOnsiY3JlYXRlIjoxODAwMDAwMDAwMDAwLCJkZWxldGUiOjE4MDAwMDAwMDAwMDAsInJlYWQiOjMwMDAwMDAwMDAwMCwidXBkYXRlIjoxODAwMDAwMDAwMDAwfX0="
        }
      ]
    },
    {
      "module": "module.workers[\"1\"]",
      "mode": "managed",
      "type": "azurerm_virtual_network_peering",
      "name": "vnet_peering_controller",
      "provider": "provider[\"registry.terraform.io/hashicorp/azurerm\"]",
      "instances": [
        {
          "schema_version": 0,
          "attributes": {
            "allow_forwarded_traffic": false,
            "allow_gateway_transit": false,
            "allow_virtual_network_access": true,
            "id": "/subscriptions/53990dba-8128-4100-bb6d-ed38861c9f8f/resourceGroups/btp-perftest-with-SAP/providers/Microsoft.Network/virtualNetworks/perftest-westeurope-vnet/virtualNetworkPeerings/perftest-northeurope-controller-to-worker",
            "name": "perftest-northeurope-controller-to-worker",
            "remote_virtual_network_id": "/subscriptions/53990dba-8128-4100-bb6d-ed38861c9f8f/resourceGroups/btp-perftest-with-SAP/providers/Microsoft.Network/virtualNetworks/perftest-northeurope-worker-vnet",
            "resource_group_name": "btp-perftest-with-SAP",
            "timeouts": null,
            "triggers": null,
            "use_remote_gateways": false,
            "virtual_network_name": "perftest-westeurope-vnet"
          },
          "sensitive_attributes": [],
          "private": "eyJlMmJmYjczMC1lY2FhLTExZTYtOGY4OC0zNDM2M2JjN2M0YzAiOnsiY3JlYXRlIjoxODAwMDAwMDAwMDAwLCJkZWxldGUiOjE4MDAwMDAwMDAwMDAsInJlYWQiOjMwMDAwMDAwMDAwMCwidXBkYXRlIjoxODAwMDAwMDAwMDAwfX0=",
          "dependencies": [
            "module.workers.azurerm_virtual_network.vnet"
          ]
        }
      ]
    },
    {
      "module": "module.workers[\"1\"]",
      "mode": "managed",
      "type": "azurerm_virtual_network_peering",
      "name": "vnet_peering_worker",
      "provider": "provider[\"registry.terraform.io/hashicorp/azurerm\"]",
      "instances": [
        {
          "schema_version": 0,
          "attributes": {
            "allow_forwarded_traffic": false,
            "allow_gateway_transit": false,
            "allow_virtual_network_access": true,
            "id": "/subscriptions/53990dba-8128-4100-bb6d-ed38861c9f8f/resourceGroups/btp-perftest-with-SAP/providers/Microsoft.Network/virtualNetworks/perftest-northeurope-worker-vnet/virtualNetworkPeerings/perftest-northeurope-worker-to-controller",
            "name": "perftest-northeurope-worker-to-controller",
            "remote_virtual_network_id": "/subscriptions/53990dba-8128-4100-bb6d-ed38861c9f8f/resourceGroups/btp-perftest-with-SAP/providers/Microsoft.Network/virtualNetworks/perftest-westeurope-vnet",
            "resource_group_name": "btp-perftest-with-SAP",
            "timeouts": null,
            "triggers": null,
            "use_remote_gateways": false,
            "virtual_network_name": "perftest-northeurope-worker-vnet"
          },
          "sensitive_attributes": [],
          "private": "eyJlMmJmYjczMC1lY2FhLTExZTYtOGY4OC0zNDM2M2JjN2M0YzAiOnsiY3JlYXRlIjoxODAwMDAwMDAwMDAwLCJkZWxldGUiOjE4MDAwMDAwMDAwMDAsInJlYWQiOjMwMDAwMDAwMDAwMCwidXBkYXRlIjoxODAwMDAwMDAwMDAwfX0=",
          "dependencies": [
            "module.controller.azurerm_virtual_network.vnet",
            "module.workers.azurerm_virtual_network.vnet"
          ]
        }
      ]
    },
    {
      "module": "module.workers[\"2\"]",
      "mode": "managed",
      "type": "azurerm_container_group",
      "name": "worker",
      "provider": "provider[\"registry.terraform.io/hashicorp/azurerm\"]",
      "instances": [
        {
          "schema_version": 0,
          "attributes": {
            "container": [
              {
                "commands": [],
                "cpu": 2,
                "cpu_limit": 0,
                "environment_variables": null,
                "gpu": [],
                "gpu_limit": [],
                "image": "ghcr.io/kshanth/jmeter_worker:latest",
                "liveness_probe": [],
                "memory": 8,
                "memory_limit": 0,
                "name": "perftest-worker",
                "ports": [
                  {
                    "port": 1099,
                    "protocol": "TCP"
                  },
                  {
                    "port": 50000,
                    "protocol": "TCP"
                  }
                ],
                "readiness_probe": [],
                "secure_environment_variables": null,
                "volume": []
              }
            ],
            "diagnostics": [],
            "dns_config": [],
            "dns_name_label": "",
            "dns_name_label_reuse_policy": "Unsecure",
            "exposed_port": [
              {
                "port": 1099,
                "protocol": "TCP"
              },
              {
                "port": 50000,
                "protocol": "TCP"
              }
            ],
            "fqdn": "",
            "id": "/subscriptions/53990dba-8128-4100-bb6d-ed38861c9f8f/resourceGroups/btp-perftest-with-SAP/providers/Microsoft.ContainerInstance/containerGroups/perftest-swedencentral-worker",
            "identity": [],
            "image_registry_credential": [],
            "init_container": [],
            "ip_address": "10.43.0.4",
            "ip_address_type": "Private",
            "key_vault_key_id": null,
            "location": "swedencentral",
            "name": "perftest-swedencentral-worker",
            "network_profile_id": null,
            "os_type": "Linux",
            "resource_group_name": "btp-perftest-with-SAP",
            "restart_policy": "Never",
            "subnet_ids": [
              "/subscriptions/53990dba-8128-4100-bb6d-ed38861c9f8f/resourceGroups/btp-perftest-with-SAP/providers/Microsoft.Network/virtualNetworks/perftest-swedencentral-worker-vnet/subnets/perftest-swedencentral-worker-subnet"
            ],
            "tags": null,
            "timeouts": null,
            "zones": null
          },
          "sensitive_attributes": [],
          "private": "eyJlMmJmYjczMC1lY2FhLTExZTYtOGY4OC0zNDM2M2JjN2M0YzAiOnsiY3JlYXRlIjoxODAwMDAwMDAwMDAwLCJkZWxldGUiOjE4MDAwMDAwMDAwMDAsInJlYWQiOjMwMDAwMDAwMDAwMCwidXBkYXRlIjoxODAwMDAwMDAwMDAwfX0=",
          "dependencies": [
            "module.workers.azurerm_subnet.subnet",
            "module.workers.azurerm_virtual_network.vnet"
          ]
        }
      ]
    },
    {
      "module": "module.workers[\"2\"]",
      "mode": "managed",
      "type": "azurerm_subnet",
      "name": "subnet",
      "provider": "provider[\"registry.terraform.io/hashicorp/azurerm\"]",
      "instances": [
        {
          "schema_version": 0,
          "attributes": {
            "address_prefixes": [
              "10.43.0.0/24"
            ],
            "delegation": [
              {
                "name": "perftest-swedencentral-delegation",
                "service_delegation": [
                  {
                    "actions": [
                      "Microsoft.Network/virtualNetworks/subnets/action"
                    ],
                    "name": "Microsoft.ContainerInstance/containerGroups"
                  }
                ]
              }
            ],
            "enforce_private_link_endpoint_network_policies": false,
            "enforce_private_link_service_network_policies": false,
            "id": "/subscriptions/53990dba-8128-4100-bb6d-ed38861c9f8f/resourceGroups/btp-perftest-with-SAP/providers/Microsoft.Network/virtualNetworks/perftest-swedencentral-worker-vnet/subnets/perftest-swedencentral-worker-subnet",
            "name": "perftest-swedencentral-worker-subnet",
            "private_endpoint_network_policies_enabled": true,
            "private_link_service_network_policies_enabled": true,
            "resource_group_name": "btp-perftest-with-SAP",
            "service_endpoint_policy_ids": null,
            "service_endpoints": null,
            "timeouts": null,
            "virtual_network_name": "perftest-swedencentral-worker-vnet"
          },
          "sensitive_attributes": [],
          "private": "eyJlMmJmYjczMC1lY2FhLTExZTYtOGY4OC0zNDM2M2JjN2M0YzAiOnsiY3JlYXRlIjoxODAwMDAwMDAwMDAwLCJkZWxldGUiOjE4MDAwMDAwMDAwMDAsInJlYWQiOjMwMDAwMDAwMDAwMCwidXBkYXRlIjoxODAwMDAwMDAwMDAwfX0=",
          "dependencies": [
            "module.workers.azurerm_virtual_network.vnet"
          ]
        }
      ]
    },
    {
      "module": "module.workers[\"2\"]",
      "mode": "managed",
      "type": "azurerm_virtual_network",
      "name": "vnet",
      "provider": "provider[\"registry.terraform.io/hashicorp/azurerm\"]",
      "instances": [
        {
          "schema_version": 0,
          "attributes": {
            "address_space": [
              "10.43.0.0/16"
            ],
            "bgp_community": "",
            "ddos_protection_plan": [],
            "dns_servers": [],
            "edge_zone": "",
            "flow_timeout_in_minutes": 0,
            "guid": "7e5a9f38-1e9e-444e-a64e-2ac3de05d5f5",
            "id": "/subscriptions/53990dba-8128-4100-bb6d-ed38861c9f8f/resourceGroups/btp-perftest-with-SAP/providers/Microsoft.Network/virtualNetworks/perftest-swedencentral-worker-vnet",
            "location": "swedencentral",
            "name": "perftest-swedencentral-worker-vnet",
            "resource_group_name": "btp-perftest-with-SAP",
            "subnet": [],
            "tags": null,
            "timeouts": null
          },
          "sensitive_attributes": [],
          "private": "eyJlMmJmYjczMC1lY2FhLTExZTYtOGY4OC0zNDM2M2JjN2M0YzAiOnsiY3JlYXRlIjoxODAwMDAwMDAwMDAwLCJkZWxldGUiOjE4MDAwMDAwMDAwMDAsInJlYWQiOjMwMDAwMDAwMDAwMCwidXBkYXRlIjoxODAwMDAwMDAwMDAwfX0="
        }
      ]
    },
    {
      "module": "module.workers[\"2\"]",
      "mode": "managed",
      "type": "azurerm_virtual_network_peering",
      "name": "vnet_peering_controller",
      "provider": "provider[\"registry.terraform.io/hashicorp/azurerm\"]",
      "instances": [
        {
          "schema_version": 0,
          "attributes": {
            "allow_forwarded_traffic": false,
            "allow_gateway_transit": false,
            "allow_virtual_network_access": true,
            "id": "/subscriptions/53990dba-8128-4100-bb6d-ed38861c9f8f/resourceGroups/btp-perftest-with-SAP/providers/Microsoft.Network/virtualNetworks/perftest-westeurope-vnet/virtualNetworkPeerings/perftest-swedencentral-controller-to-worker",
            "name": "perftest-swedencentral-controller-to-worker",
            "remote_virtual_network_id": "/subscriptions/53990dba-8128-4100-bb6d-ed38861c9f8f/resourceGroups/btp-perftest-with-SAP/providers/Microsoft.Network/virtualNetworks/perftest-swedencentral-worker-vnet",
            "resource_group_name": "btp-perftest-with-SAP",
            "timeouts": null,
            "triggers": null,
            "use_remote_gateways": false,
            "virtual_network_name": "perftest-westeurope-vnet"
          },
          "sensitive_attributes": [],
          "private": "eyJlMmJmYjczMC1lY2FhLTExZTYtOGY4OC0zNDM2M2JjN2M0YzAiOnsiY3JlYXRlIjoxODAwMDAwMDAwMDAwLCJkZWxldGUiOjE4MDAwMDAwMDAwMDAsInJlYWQiOjMwMDAwMDAwMDAwMCwidXBkYXRlIjoxODAwMDAwMDAwMDAwfX0=",
          "dependencies": [
            "module.workers.azurerm_virtual_network.vnet"
          ]
        }
      ]
    },
    {
      "module": "module.workers[\"2\"]",
      "mode": "managed",
      "type": "azurerm_virtual_network_peering",
      "name": "vnet_peering_worker",
      "provider": "provider[\"registry.terraform.io/hashicorp/azurerm\"]",
      "instances": [
        {
          "schema_version": 0,
          "attributes": {
            "allow_forwarded_traffic": false,
            "allow_gateway_transit": false,
            "allow_virtual_network_access": true,
            "id": "/subscriptions/53990dba-8128-4100-bb6d-ed38861c9f8f/resourceGroups/btp-perftest-with-SAP/providers/Microsoft.Network/virtualNetworks/perftest-swedencentral-worker-vnet/virtualNetworkPeerings/perftest-swedencentral-worker-to-controller",
            "name": "perftest-swedencentral-worker-to-controller",
            "remote_virtual_network_id": "/subscriptions/53990dba-8128-4100-bb6d-ed38861c9f8f/resourceGroups/btp-perftest-with-SAP/providers/Microsoft.Network/virtualNetworks/perftest-westeurope-vnet",
            "resource_group_name": "btp-perftest-with-SAP",
            "timeouts": null,
            "triggers": null,
            "use_remote_gateways": false,
            "virtual_network_name": "perftest-swedencentral-worker-vnet"
          },
          "sensitive_attributes": [],
          "private": "eyJlMmJmYjczMC1lY2FhLTExZTYtOGY4OC0zNDM2M2JjN2M0YzAiOnsiY3JlYXRlIjoxODAwMDAwMDAwMDAwLCJkZWxldGUiOjE4MDAwMDAwMDAwMDAsInJlYWQiOjMwMDAwMDAwMDAwMCwidXBkYXRlIjoxODAwMDAwMDAwMDAwfX0=",
          "dependencies": [
            "module.controller.azurerm_virtual_network.vnet",
            "module.workers.azurerm_virtual_network.vnet"
          ]
        }
      ]
    },
    {
      "module": "module.workers[\"3\"]",
      "mode": "managed",
      "type": "azurerm_container_group",
      "name": "worker",
      "provider": "provider[\"registry.terraform.io/hashicorp/azurerm\"]",
      "instances": [
        {
          "schema_version": 0,
          "attributes": {
            "container": [
              {
                "commands": [],
                "cpu": 2,
                "cpu_limit": 0,
                "environment_variables": null,
                "gpu": [],
                "gpu_limit": [],
                "image": "ghcr.io/kshanth/jmeter_worker:latest",
                "liveness_probe": [],
                "memory": 8,
                "memory_limit": 0,
                "name": "perftest-worker",
                "ports": [
                  {
                    "port": 1099,
                    "protocol": "TCP"
                  },
                  {
                    "port": 50000,
                    "protocol": "TCP"
                  }
                ],
                "readiness_probe": [],
                "secure_environment_variables": null,
                "volume": []
              }
            ],
            "diagnostics": [],
            "dns_config": [],
            "dns_name_label": "",
            "dns_name_label_reuse_policy": "Unsecure",
            "exposed_port": [
              {
                "port": 1099,
                "protocol": "TCP"
              },
              {
                "port": 50000,
                "protocol": "TCP"
              }
            ],
            "fqdn": "",
            "id": "/subscriptions/53990dba-8128-4100-bb6d-ed38861c9f8f/resourceGroups/btp-perftest-with-SAP/providers/Microsoft.ContainerInstance/containerGroups/perftest-uksouth-worker",
            "identity": [],
            "image_registry_credential": [],
            "init_container": [],
            "ip_address": "10.44.0.4",
            "ip_address_type": "Private",
            "key_vault_key_id": null,
            "location": "uksouth",
            "name": "perftest-uksouth-worker",
            "network_profile_id": null,
            "os_type": "Linux",
            "resource_group_name": "btp-perftest-with-SAP",
            "restart_policy": "Never",
            "subnet_ids": [
              "/subscriptions/53990dba-8128-4100-bb6d-ed38861c9f8f/resourceGroups/btp-perftest-with-SAP/providers/Microsoft.Network/virtualNetworks/perftest-uksouth-worker-vnet/subnets/perftest-uksouth-worker-subnet"
            ],
            "tags": null,
            "timeouts": null,
            "zones": null
          },
          "sensitive_attributes": [],
          "private": "eyJlMmJmYjczMC1lY2FhLTExZTYtOGY4OC0zNDM2M2JjN2M0YzAiOnsiY3JlYXRlIjoxODAwMDAwMDAwMDAwLCJkZWxldGUiOjE4MDAwMDAwMDAwMDAsInJlYWQiOjMwMDAwMDAwMDAwMCwidXBkYXRlIjoxODAwMDAwMDAwMDAwfX0=",
          "dependencies": [
            "module.workers.azurerm_subnet.subnet",
            "module.workers.azurerm_virtual_network.vnet"
          ]
        }
      ]
    },
    {
      "module": "module.workers[\"3\"]",
      "mode": "managed",
      "type": "azurerm_subnet",
      "name": "subnet",
      "provider": "provider[\"registry.terraform.io/hashicorp/azurerm\"]",
      "instances": [
        {
          "schema_version": 0,
          "attributes": {
            "address_prefixes": [
              "10.44.0.0/24"
            ],
            "delegation": [
              {
                "name": "perftest-uksouth-delegation",
                "service_delegation": [
                  {
                    "actions": [
                      "Microsoft.Network/virtualNetworks/subnets/action"
                    ],
                    "name": "Microsoft.ContainerInstance/containerGroups"
                  }
                ]
              }
            ],
            "enforce_private_link_endpoint_network_policies": false,
            "enforce_private_link_service_network_policies": false,
            "id": "/subscriptions/53990dba-8128-4100-bb6d-ed38861c9f8f/resourceGroups/btp-perftest-with-SAP/providers/Microsoft.Network/virtualNetworks/perftest-uksouth-worker-vnet/subnets/perftest-uksouth-worker-subnet",
            "name": "perftest-uksouth-worker-subnet",
            "private_endpoint_network_policies_enabled": true,
            "private_link_service_network_policies_enabled": true,
            "resource_group_name": "btp-perftest-with-SAP",
            "service_endpoint_policy_ids": null,
            "service_endpoints": null,
            "timeouts": null,
            "virtual_network_name": "perftest-uksouth-worker-vnet"
          },
          "sensitive_attributes": [],
          "private": "eyJlMmJmYjczMC1lY2FhLTExZTYtOGY4OC0zNDM2M2JjN2M0YzAiOnsiY3JlYXRlIjoxODAwMDAwMDAwMDAwLCJkZWxldGUiOjE4MDAwMDAwMDAwMDAsInJlYWQiOjMwMDAwMDAwMDAwMCwidXBkYXRlIjoxODAwMDAwMDAwMDAwfX0=",
          "dependencies": [
            "module.workers.azurerm_virtual_network.vnet"
          ]
        }
      ]
    },
    {
      "module": "module.workers[\"3\"]",
      "mode": "managed",
      "type": "azurerm_virtual_network",
      "name": "vnet",
      "provider": "provider[\"registry.terraform.io/hashicorp/azurerm\"]",
      "instances": [
        {
          "schema_version": 0,
          "attributes": {
            "address_space": [
              "10.44.0.0/16"
            ],
            "bgp_community": "",
            "ddos_protection_plan": [],
            "dns_servers": [],
            "edge_zone": "",
            "flow_timeout_in_minutes": 0,
            "guid": "eca232fa-a7c1-48fa-a48d-fb65f61ff2e4",
            "id": "/subscriptions/53990dba-8128-4100-bb6d-ed38861c9f8f/resourceGroups/btp-perftest-with-SAP/providers/Microsoft.Network/virtualNetworks/perftest-uksouth-worker-vnet",
            "location": "uksouth",
            "name": "perftest-uksouth-worker-vnet",
            "resource_group_name": "btp-perftest-with-SAP",
            "subnet": [],
            "tags": null,
            "timeouts": null
          },
          "sensitive_attributes": [],
          "private": "eyJlMmJmYjczMC1lY2FhLTExZTYtOGY4OC0zNDM2M2JjN2M0YzAiOnsiY3JlYXRlIjoxODAwMDAwMDAwMDAwLCJkZWxldGUiOjE4MDAwMDAwMDAwMDAsInJlYWQiOjMwMDAwMDAwMDAwMCwidXBkYXRlIjoxODAwMDAwMDAwMDAwfX0="
        }
      ]
    },
    {
      "module": "module.workers[\"3\"]",
      "mode": "managed",
      "type": "azurerm_virtual_network_peering",
      "name": "vnet_peering_controller",
      "provider": "provider[\"registry.terraform.io/hashicorp/azurerm\"]",
      "instances": [
        {
          "schema_version": 0,
          "attributes": {
            "allow_forwarded_traffic": false,
            "allow_gateway_transit": false,
            "allow_virtual_network_access": true,
            "id": "/subscriptions/53990dba-8128-4100-bb6d-ed38861c9f8f/resourceGroups/btp-perftest-with-SAP/providers/Microsoft.Network/virtualNetworks/perftest-westeurope-vnet/virtualNetworkPeerings/perftest-uksouth-controller-to-worker",
            "name": "perftest-uksouth-controller-to-worker",
            "remote_virtual_network_id": "/subscriptions/53990dba-8128-4100-bb6d-ed38861c9f8f/resourceGroups/btp-perftest-with-SAP/providers/Microsoft.Network/virtualNetworks/perftest-uksouth-worker-vnet",
            "resource_group_name": "btp-perftest-with-SAP",
            "timeouts": null,
            "triggers": null,
            "use_remote_gateways": false,
            "virtual_network_name": "perftest-westeurope-vnet"
          },
          "sensitive_attributes": [],
          "private": "eyJlMmJmYjczMC1lY2FhLTExZTYtOGY4OC0zNDM2M2JjN2M0YzAiOnsiY3JlYXRlIjoxODAwMDAwMDAwMDAwLCJkZWxldGUiOjE4MDAwMDAwMDAwMDAsInJlYWQiOjMwMDAwMDAwMDAwMCwidXBkYXRlIjoxODAwMDAwMDAwMDAwfX0=",
          "dependencies": [
            "module.workers.azurerm_virtual_network.vnet"
          ]
        }
      ]
    },
    {
      "module": "module.workers[\"3\"]",
      "mode": "managed",
      "type": "azurerm_virtual_network_peering",
      "name": "vnet_peering_worker",
      "provider": "provider[\"registry.terraform.io/hashicorp/azurerm\"]",
      "instances": [
        {
          "schema_version": 0,
          "attributes": {
            "allow_forwarded_traffic": false,
            "allow_gateway_transit": false,
            "allow_virtual_network_access": true,
            "id": "/subscriptions/53990dba-8128-4100-bb6d-ed38861c9f8f/resourceGroups/btp-perftest-with-SAP/providers/Microsoft.Network/virtualNetworks/perftest-uksouth-worker-vnet/virtualNetworkPeerings/perftest-uksouth-worker-to-controller",
            "name": "perftest-uksouth-worker-to-controller",
            "remote_virtual_network_id": "/subscriptions/53990dba-8128-4100-bb6d-ed38861c9f8f/resourceGroups/btp-perftest-with-SAP/providers/Microsoft.Network/virtualNetworks/perftest-westeurope-vnet",
            "resource_group_name": "btp-perftest-with-SAP",
            "timeouts": null,
            "triggers": null,
            "use_remote_gateways": false,
            "virtual_network_name": "perftest-uksouth-worker-vnet"
          },
          "sensitive_attributes": [],
          "private": "eyJlMmJmYjczMC1lY2FhLTExZTYtOGY4OC0zNDM2M2JjN2M0YzAiOnsiY3JlYXRlIjoxODAwMDAwMDAwMDAwLCJkZWxldGUiOjE4MDAwMDAwMDAwMDAsInJlYWQiOjMwMDAwMDAwMDAwMCwidXBkYXRlIjoxODAwMDAwMDAwMDAwfX0=",
          "dependencies": [
            "module.controller.azurerm_virtual_network.vnet",
            "module.workers.azurerm_virtual_network.vnet"
          ]
        }
      ]
    },
    {
      "module": "module.workers[\"4\"]",
      "mode": "managed",
      "type": "azurerm_container_group",
      "name": "worker",
      "provider": "provider[\"registry.terraform.io/hashicorp/azurerm\"]",
      "instances": [
        {
          "schema_version": 0,
          "attributes": {
            "container": [
              {
                "commands": [],
                "cpu": 2,
                "cpu_limit": 0,
                "environment_variables": null,
                "gpu": [],
                "gpu_limit": [],
                "image": "ghcr.io/kshanth/jmeter_worker:latest",
                "liveness_probe": [],
                "memory": 8,
                "memory_limit": 0,
                "name": "perftest-worker",
                "ports": [
                  {
                    "port": 1099,
                    "protocol": "TCP"
                  },
                  {
                    "port": 50000,
                    "protocol": "TCP"
                  }
                ],
                "readiness_probe": [],
                "secure_environment_variables": null,
                "volume": []
              }
            ],
            "diagnostics": [],
            "dns_config": [],
            "dns_name_label": "",
            "dns_name_label_reuse_policy": "Unsecure",
            "exposed_port": [
              {
                "port": 1099,
                "protocol": "TCP"
              },
              {
                "port": 50000,
                "protocol": "TCP"
              }
            ],
            "fqdn": "",
            "id": "/subscriptions/53990dba-8128-4100-bb6d-ed38861c9f8f/resourceGroups/btp-perftest-with-SAP/providers/Microsoft.ContainerInstance/containerGroups/perftest-germanywestcentral-worker",
            "identity": [],
            "image_registry_credential": [],
            "init_container": [],
            "ip_address": "10.45.0.4",
            "ip_address_type": "Private",
            "key_vault_key_id": null,
            "location": "germanywestcentral",
            "name": "perftest-germanywestcentral-worker",
            "network_profile_id": null,
            "os_type": "Linux",
            "resource_group_name": "btp-perftest-with-SAP",
            "restart_policy": "Never",
            "subnet_ids": [
              "/subscriptions/53990dba-8128-4100-bb6d-ed38861c9f8f/resourceGroups/btp-perftest-with-SAP/providers/Microsoft.Network/virtualNetworks/perftest-germanywestcentral-worker-vnet/subnets/perftest-germanywestcentral-worker-subnet"
            ],
            "tags": null,
            "timeouts": null,
            "zones": null
          },
          "sensitive_attributes": [],
          "private": "eyJlMmJmYjczMC1lY2FhLTExZTYtOGY4OC0zNDM2M2JjN2M0YzAiOnsiY3JlYXRlIjoxODAwMDAwMDAwMDAwLCJkZWxldGUiOjE4MDAwMDAwMDAwMDAsInJlYWQiOjMwMDAwMDAwMDAwMCwidXBkYXRlIjoxODAwMDAwMDAwMDAwfX0=",
          "dependencies": [
            "module.workers.azurerm_subnet.subnet",
            "module.workers.azurerm_virtual_network.vnet"
          ]
        }
      ]
    },
    {
      "module": "module.workers[\"4\"]",
      "mode": "managed",
      "type": "azurerm_subnet",
      "name": "subnet",
      "provider": "provider[\"registry.terraform.io/hashicorp/azurerm\"]",
      "instances": [
        {
          "schema_version": 0,
          "attributes": {
            "address_prefixes": [
              "10.45.0.0/24"
            ],
            "delegation": [
              {
                "name": "perftest-germanywestcentral-delegation",
                "service_delegation": [
                  {
                    "actions": [
                      "Microsoft.Network/virtualNetworks/subnets/action"
                    ],
                    "name": "Microsoft.ContainerInstance/containerGroups"
                  }
                ]
              }
            ],
            "enforce_private_link_endpoint_network_policies": false,
            "enforce_private_link_service_network_policies": false,
            "id": "/subscriptions/53990dba-8128-4100-bb6d-ed38861c9f8f/resourceGroups/btp-perftest-with-SAP/providers/Microsoft.Network/virtualNetworks/perftest-germanywestcentral-worker-vnet/subnets/perftest-germanywestcentral-worker-subnet",
            "name": "perftest-germanywestcentral-worker-subnet",
            "private_endpoint_network_policies_enabled": true,
            "private_link_service_network_policies_enabled": true,
            "resource_group_name": "btp-perftest-with-SAP",
            "service_endpoint_policy_ids": null,
            "service_endpoints": null,
            "timeouts": null,
            "virtual_network_name": "perftest-germanywestcentral-worker-vnet"
          },
          "sensitive_attributes": [],
          "private": "eyJlMmJmYjczMC1lY2FhLTExZTYtOGY4OC0zNDM2M2JjN2M0YzAiOnsiY3JlYXRlIjoxODAwMDAwMDAwMDAwLCJkZWxldGUiOjE4MDAwMDAwMDAwMDAsInJlYWQiOjMwMDAwMDAwMDAwMCwidXBkYXRlIjoxODAwMDAwMDAwMDAwfX0=",
          "dependencies": [
            "module.workers.azurerm_virtual_network.vnet"
          ]
        }
      ]
    },
    {
      "module": "module.workers[\"4\"]",
      "mode": "managed",
      "type": "azurerm_virtual_network",
      "name": "vnet",
      "provider": "provider[\"registry.terraform.io/hashicorp/azurerm\"]",
      "instances": [
        {
          "schema_version": 0,
          "attributes": {
            "address_space": [
              "10.45.0.0/16"
            ],
            "bgp_community": "",
            "ddos_protection_plan": [],
            "dns_servers": [],
            "edge_zone": "",
            "flow_timeout_in_minutes": 0,
            "guid": "6ec270e5-3800-4028-9bcd-5289a3e56755",
            "id": "/subscriptions/53990dba-8128-4100-bb6d-ed38861c9f8f/resourceGroups/btp-perftest-with-SAP/providers/Microsoft.Network/virtualNetworks/perftest-germanywestcentral-worker-vnet",
            "location": "germanywestcentral",
            "name": "perftest-germanywestcentral-worker-vnet",
            "resource_group_name": "btp-perftest-with-SAP",
            "subnet": [],
            "tags": null,
            "timeouts": null
          },
          "sensitive_attributes": [],
          "private": "eyJlMmJmYjczMC1lY2FhLTExZTYtOGY4OC0zNDM2M2JjN2M0YzAiOnsiY3JlYXRlIjoxODAwMDAwMDAwMDAwLCJkZWxldGUiOjE4MDAwMDAwMDAwMDAsInJlYWQiOjMwMDAwMDAwMDAwMCwidXBkYXRlIjoxODAwMDAwMDAwMDAwfX0="
        }
      ]
    },
    {
      "module": "module.workers[\"4\"]",
      "mode": "managed",
      "type": "azurerm_virtual_network_peering",
      "name": "vnet_peering_controller",
      "provider": "provider[\"registry.terraform.io/hashicorp/azurerm\"]",
      "instances": [
        {
          "schema_version": 0,
          "attributes": {
            "allow_forwarded_traffic": false,
            "allow_gateway_transit": false,
            "allow_virtual_network_access": true,
            "id": "/subscriptions/53990dba-8128-4100-bb6d-ed38861c9f8f/resourceGroups/btp-perftest-with-SAP/providers/Microsoft.Network/virtualNetworks/perftest-westeurope-vnet/virtualNetworkPeerings/perftest-germanywestcentral-controller-to-worker",
            "name": "perftest-germanywestcentral-controller-to-worker",
            "remote_virtual_network_id": "/subscriptions/53990dba-8128-4100-bb6d-ed38861c9f8f/resourceGroups/btp-perftest-with-SAP/providers/Microsoft.Network/virtualNetworks/perftest-germanywestcentral-worker-vnet",
            "resource_group_name": "btp-perftest-with-SAP",
            "timeouts": null,
            "triggers": null,
            "use_remote_gateways": false,
            "virtual_network_name": "perftest-westeurope-vnet"
          },
          "sensitive_attributes": [],
          "private": "eyJlMmJmYjczMC1lY2FhLTExZTYtOGY4OC0zNDM2M2JjN2M0YzAiOnsiY3JlYXRlIjoxODAwMDAwMDAwMDAwLCJkZWxldGUiOjE4MDAwMDAwMDAwMDAsInJlYWQiOjMwMDAwMDAwMDAwMCwidXBkYXRlIjoxODAwMDAwMDAwMDAwfX0=",
          "dependencies": [
            "module.workers.azurerm_virtual_network.vnet"
          ]
        }
      ]
    },
    {
      "module": "module.workers[\"4\"]",
      "mode": "managed",
      "type": "azurerm_virtual_network_peering",
      "name": "vnet_peering_worker",
      "provider": "provider[\"registry.terraform.io/hashicorp/azurerm\"]",
      "instances": [
        {
          "schema_version": 0,
          "attributes": {
            "allow_forwarded_traffic": false,
            "allow_gateway_transit": false,
            "allow_virtual_network_access": true,
            "id": "/subscriptions/53990dba-8128-4100-bb6d-ed38861c9f8f/resourceGroups/btp-perftest-with-SAP/providers/Microsoft.Network/virtualNetworks/perftest-germanywestcentral-worker-vnet/virtualNetworkPeerings/perftest-germanywestcentral-worker-to-controller",
            "name": "perftest-germanywestcentral-worker-to-controller",
            "remote_virtual_network_id": "/subscriptions/53990dba-8128-4100-bb6d-ed38861c9f8f/resourceGroups/btp-perftest-with-SAP/providers/Microsoft.Network/virtualNetworks/perftest-westeurope-vnet",
            "resource_group_name": "btp-perftest-with-SAP",
            "timeouts": null,
            "triggers": null,
            "use_remote_gateways": false,
            "virtual_network_name": "perftest-germanywestcentral-worker-vnet"
          },
          "sensitive_attributes": [],
          "private": "eyJlMmJmYjczMC1lY2FhLTExZTYtOGY4OC0zNDM2M2JjN2M0YzAiOnsiY3JlYXRlIjoxODAwMDAwMDAwMDAwLCJkZWxldGUiOjE4MDAwMDAwMDAwMDAsInJlYWQiOjMwMDAwMDAwMDAwMCwidXBkYXRlIjoxODAwMDAwMDAwMDAwfX0=",
          "dependencies": [
            "module.controller.azurerm_virtual_network.vnet",
            "module.workers.azurerm_virtual_network.vnet"
          ]
        }
      ]
    }
  ]
}
