{
  "version": 4,
  "terraform_version": "1.2.8",
  "serial": 33,
  "lineage": "d6f80f42-1f53-e230-3a5a-99a0a331f6b0",
  "outputs": {
    "controller_ip_address": {
      "value": [
        {
          "IPAddress": "10.50.0.4",
          "Name": "KoreaCentral"
        }
      ],
      "type": [
        "tuple",
        [
          [
            "object",
            {
              "IPAddress": "string",
              "Name": "string"
            }
          ]
        ]
      ]
    },
    "worker_ip_address": {
      "value": [
        {
          "IPAddress": "10.51.0.4",
          "Name": "KoreaCentral"
        },
        {
          "IPAddress": "10.52.0.4",
          "Name": "JapanEast"
        },
        {
          "IPAddress": "10.53.0.4",
          "Name": "JapanWest"
        },
        {
          "IPAddress": "10.54.0.4",
          "Name": "EastAsia"
        },
        {
          "IPAddress": "10.55.0.4",
          "Name": "SoutheastAsia"
        }
      ],
      "type": [
        "tuple",
        [
          [
            "object",
            {
              "IPAddress": "string",
              "Name": "string"
            }
          ],
          [
            "object",
            {
              "IPAddress": "string",
              "Name": "string"
            }
          ],
          [
            "object",
            {
              "IPAddress": "string",
              "Name": "string"
            }
          ],
          [
            "object",
            {
              "IPAddress": "string",
              "Name": "string"
            }
          ],
          [
            "object",
            {
              "IPAddress": "string",
              "Name": "string"
            }
          ]
        ]
      ]
    }
  },
  "resources": [
    {
      "module": "module.controller",
      "mode": "managed",
      "type": "azurerm_container_group",
      "name": "controller",
      "provider": "provider[\"registry.terraform.io/hashicorp/azurerm\"]",
      "instances": [
        {
          "schema_version": 0,
          "attributes": {
            "container": [
              {
                "commands": [],
                "cpu": 4,
                "cpu_limit": 0,
                "environment_variables": {
                  "branch": "config",
                  "config": "config-ap/SchedulerConfig",
                  "repo": "https://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@github.com/SAP-samples/cap-distributed-resiliency.git"
                },
                "gpu": [],
                "gpu_limit": [],
                "image": "ghcr.io/kshanth/jmeter_controller:latest",
                "liveness_probe": [],
                "memory": 8,
                "memory_limit": 0,
                "name": "perftest-controller",
                "ports": [
                  {
                    "port": 60000,
                    "protocol": "TCP"
                  }
                ],
                "readiness_probe": [],
                "secure_environment_variables": {},
                "security": [],
                "volume": []
              }
            ],
            "diagnostics": [],
            "dns_config": [],
            "dns_name_label": "",
            "dns_name_label_reuse_policy": "Unsecure",
            "exposed_port": [
              {
                "port": 60000,
                "protocol": "TCP"
              }
            ],
            "fqdn": "",
            "id": "/subscriptions/53990dba-8128-4100-bb6d-ed38861c9f8f/resourceGroups/btp-perftest-with-SAP/providers/Microsoft.ContainerInstance/containerGroups/perftest-koreacentral-controller",
            "identity": [],
            "image_registry_credential": [],
            "init_container": [],
            "ip_address": "10.50.0.4",
            "ip_address_type": "Private",
            "key_vault_key_id": null,
            "key_vault_user_assigned_identity_id": null,
            "location": "koreacentral",
            "name": "perftest-koreacentral-controller",
            "network_profile_id": null,
            "os_type": "Linux",
            "resource_group_name": "btp-perftest-with-SAP",
            "restart_policy": "Never",
            "sku": "Standard",
            "subnet_ids": [
              "/subscriptions/53990dba-8128-4100-bb6d-ed38861c9f8f/resourceGroups/btp-perftest-with-SAP/providers/Microsoft.Network/virtualNetworks/perftest-koreacentral-vnet/subnets/perftest-koreacentral-subnet"
            ],
            "tags": {},
            "timeouts": null,
            "zones": []
          },
          "sensitive_attributes": [],
          "private": "eyJlMmJmYjczMC1lY2FhLTExZTYtOGY4OC0zNDM2M2JjN2M0YzAiOnsiY3JlYXRlIjoxODAwMDAwMDAwMDAwLCJkZWxldGUiOjE4MDAwMDAwMDAwMDAsInJlYWQiOjMwMDAwMDAwMDAwMCwidXBkYXRlIjoxODAwMDAwMDAwMDAwfX0=",
          "dependencies": [
            "module.controller.azurerm_subnet.subnet",
            "module.controller.azurerm_virtual_network.vnet"
          ]
        }
      ]
    },
    {
      "module": "module.controller",
      "mode": "managed",
      "type": "azurerm_subnet",
      "name": "subnet",
      "provider": "provider[\"registry.terraform.io/hashicorp/azurerm\"]",
      "instances": [
        {
          "schema_version": 0,
          "attributes": {
            "address_prefixes": [
              "10.50.0.0/24"
            ],
            "delegation": [
              {
                "name": "perftest-koreacentral-delegation",
                "service_delegation": [
                  {
                    "actions": [
                      "Microsoft.Network/virtualNetworks/subnets/action"
                    ],
                    "name": "Microsoft.ContainerInstance/containerGroups"
                  }
                ]
              }
            ],
            "enforce_private_link_endpoint_network_policies": false,
            "enforce_private_link_service_network_policies": false,
            "id": "/subscriptions/53990dba-8128-4100-bb6d-ed38861c9f8f/resourceGroups/btp-perftest-with-SAP/providers/Microsoft.Network/virtualNetworks/perftest-koreacentral-vnet/subnets/perftest-koreacentral-subnet",
            "name": "perftest-koreacentral-subnet",
            "private_endpoint_network_policies_enabled": true,
            "private_link_service_network_policies_enabled": true,
            "resource_group_name": "btp-perftest-with-SAP",
            "service_endpoint_policy_ids": [],
            "service_endpoints": [],
            "timeouts": null,
            "virtual_network_name": "perftest-koreacentral-vnet"
          },
          "sensitive_attributes": [],
          "private": "eyJlMmJmYjczMC1lY2FhLTExZTYtOGY4OC0zNDM2M2JjN2M0YzAiOnsiY3JlYXRlIjoxODAwMDAwMDAwMDAwLCJkZWxldGUiOjE4MDAwMDAwMDAwMDAsInJlYWQiOjMwMDAwMDAwMDAwMCwidXBkYXRlIjoxODAwMDAwMDAwMDAwfX0=",
          "dependencies": [
            "module.controller.azurerm_virtual_network.vnet"
          ]
        }
      ]
    },
    {
      "module": "module.controller",
      "mode": "managed",
      "type": "azurerm_virtual_network",
      "name": "vnet",
      "provider": "provider[\"registry.terraform.io/hashicorp/azurerm\"]",
      "instances": [
        {
          "schema_version": 0,
          "attributes": {
            "address_space": [
              "10.50.0.0/16"
            ],
            "bgp_community": "",
            "ddos_protection_plan": [],
            "dns_servers": [],
            "edge_zone": "",
            "encryption": [],
            "flow_timeout_in_minutes": 0,
            "guid": "e7474d76-c778-4c2d-b768-35857f094b29",
            "id": "/subscriptions/53990dba-8128-4100-bb6d-ed38861c9f8f/resourceGroups/btp-perftest-with-SAP/providers/Microsoft.Network/virtualNetworks/perftest-koreacentral-vnet",
            "location": "koreacentral",
            "name": "perftest-koreacentral-vnet",
            "resource_group_name": "btp-perftest-with-SAP",
            "subnet": [
              {
                "address_prefix": "10.50.0.0/24",
                "id": "/subscriptions/53990dba-8128-4100-bb6d-ed38861c9f8f/resourceGroups/btp-perftest-with-SAP/providers/Microsoft.Network/virtualNetworks/perftest-koreacentral-vnet/subnets/perftest-koreacentral-subnet",
                "name": "perftest-koreacentral-subnet",
                "security_group": ""
              }
            ],
            "tags": {},
            "timeouts": null
          },
          "sensitive_attributes": [],
          "private": "eyJlMmJmYjczMC1lY2FhLTExZTYtOGY4OC0zNDM2M2JjN2M0YzAiOnsiY3JlYXRlIjoxODAwMDAwMDAwMDAwLCJkZWxldGUiOjE4MDAwMDAwMDAwMDAsInJlYWQiOjMwMDAwMDAwMDAwMCwidXBkYXRlIjoxODAwMDAwMDAwMDAwfX0="
        }
      ]
    },
    {
      "module": "module.workers[\"0\"]",
      "mode": "managed",
      "type": "azurerm_container_group",
      "name": "worker",
      "provider": "provider[\"registry.terraform.io/hashicorp/azurerm\"]",
      "instances": [
        {
          "schema_version": 0,
          "attributes": {
            "container": [
              {
                "commands": [],
                "cpu": 2,
                "cpu_limit": 0,
                "environment_variables": {},
                "gpu": [],
                "gpu_limit": [],
                "image": "ghcr.io/kshanth/jmeter_worker:latest",
                "liveness_probe": [],
                "memory": 8,
                "memory_limit": 0,
                "name": "perftest-worker",
                "ports": [
                  {
                    "port": 1099,
                    "protocol": "TCP"
                  },
                  {
                    "port": 50000,
                    "protocol": "TCP"
                  }
                ],
                "readiness_probe": [],
                "secure_environment_variables": {},
                "security": [],
                "volume": []
              }
            ],
            "diagnostics": [],
            "dns_config": [],
            "dns_name_label": "",
            "dns_name_label_reuse_policy": "Unsecure",
            "exposed_port": [
              {
                "port": 1099,
                "protocol": "TCP"
              },
              {
                "port": 50000,
                "protocol": "TCP"
              }
            ],
            "fqdn": "",
            "id": "/subscriptions/53990dba-8128-4100-bb6d-ed38861c9f8f/resourceGroups/btp-perftest-with-SAP/providers/Microsoft.ContainerInstance/containerGroups/perftest-koreacentral-worker",
            "identity": [],
            "image_registry_credential": [],
            "init_container": [],
            "ip_address": "10.51.0.4",
            "ip_address_type": "Private",
            "key_vault_key_id": null,
            "key_vault_user_assigned_identity_id": null,
            "location": "koreacentral",
            "name": "perftest-koreacentral-worker",
            "network_profile_id": null,
            "os_type": "Linux",
            "resource_group_name": "btp-perftest-with-SAP",
            "restart_policy": "Never",
            "sku": "Standard",
            "subnet_ids": [
              "/subscriptions/53990dba-8128-4100-bb6d-ed38861c9f8f/resourceGroups/btp-perftest-with-SAP/providers/Microsoft.Network/virtualNetworks/perftest-koreacentral-worker-vnet/subnets/perftest-koreacentral-worker-subnet"
            ],
            "tags": {},
            "timeouts": null,
            "zones": []
          },
          "sensitive_attributes": [],
          "private": "eyJlMmJmYjczMC1lY2FhLTExZTYtOGY4OC0zNDM2M2JjN2M0YzAiOnsiY3JlYXRlIjoxODAwMDAwMDAwMDAwLCJkZWxldGUiOjE4MDAwMDAwMDAwMDAsInJlYWQiOjMwMDAwMDAwMDAwMCwidXBkYXRlIjoxODAwMDAwMDAwMDAwfX0=",
          "dependencies": [
            "module.workers.azurerm_subnet.subnet",
            "module.workers.azurerm_virtual_network.vnet"
          ]
        }
      ]
    },
    {
      "module": "module.workers[\"0\"]",
      "mode": "managed",
      "type": "azurerm_subnet",
      "name": "subnet",
      "provider": "provider[\"registry.terraform.io/hashicorp/azurerm\"]",
      "instances": [
        {
          "schema_version": 0,
          "attributes": {
            "address_prefixes": [
              "10.51.0.0/24"
            ],
            "delegation": [
              {
                "name": "perftest-koreacentral-delegation",
                "service_delegation": [
                  {
                    "actions": [
                      "Microsoft.Network/virtualNetworks/subnets/action"
                    ],
                    "name": "Microsoft.ContainerInstance/containerGroups"
                  }
                ]
              }
            ],
            "enforce_private_link_endpoint_network_policies": false,
            "enforce_private_link_service_network_policies": false,
            "id": "/subscriptions/53990dba-8128-4100-bb6d-ed38861c9f8f/resourceGroups/btp-perftest-with-SAP/providers/Microsoft.Network/virtualNetworks/perftest-koreacentral-worker-vnet/subnets/perftest-koreacentral-worker-subnet",
            "name": "perftest-koreacentral-worker-subnet",
            "private_endpoint_network_policies_enabled": true,
            "private_link_service_network_policies_enabled": true,
            "resource_group_name": "btp-perftest-with-SAP",
            "service_endpoint_policy_ids": [],
            "service_endpoints": [],
            "timeouts": null,
            "virtual_network_name": "perftest-koreacentral-worker-vnet"
          },
          "sensitive_attributes": [],
          "private": "eyJlMmJmYjczMC1lY2FhLTExZTYtOGY4OC0zNDM2M2JjN2M0YzAiOnsiY3JlYXRlIjoxODAwMDAwMDAwMDAwLCJkZWxldGUiOjE4MDAwMDAwMDAwMDAsInJlYWQiOjMwMDAwMDAwMDAwMCwidXBkYXRlIjoxODAwMDAwMDAwMDAwfX0=",
          "dependencies": [
            "module.workers.azurerm_virtual_network.vnet"
          ]
        }
      ]
    },
    {
      "module": "module.workers[\"0\"]",
      "mode": "managed",
      "type": "azurerm_virtual_network",
      "name": "vnet",
      "provider": "provider[\"registry.terraform.io/hashicorp/azurerm\"]",
      "instances": [
        {
          "schema_version": 0,
          "attributes": {
            "address_space": [
              "10.51.0.0/16"
            ],
            "bgp_community": "",
            "ddos_protection_plan": [],
            "dns_servers": [],
            "edge_zone": "",
            "encryption": [],
            "flow_timeout_in_minutes": 0,
            "guid": "292adb6c-44be-4d48-9f74-9d6b600c159d",
            "id": "/subscriptions/53990dba-8128-4100-bb6d-ed38861c9f8f/resourceGroups/btp-perftest-with-SAP/providers/Microsoft.Network/virtualNetworks/perftest-koreacentral-worker-vnet",
            "location": "koreacentral",
            "name": "perftest-koreacentral-worker-vnet",
            "resource_group_name": "btp-perftest-with-SAP",
            "subnet": [
              {
                "address_prefix": "10.51.0.0/24",
                "id": "/subscriptions/53990dba-8128-4100-bb6d-ed38861c9f8f/resourceGroups/btp-perftest-with-SAP/providers/Microsoft.Network/virtualNetworks/perftest-koreacentral-worker-vnet/subnets/perftest-koreacentral-worker-subnet",
                "name": "perftest-koreacentral-worker-subnet",
                "security_group": ""
              }
            ],
            "tags": {},
            "timeouts": null
          },
          "sensitive_attributes": [],
          "private": "eyJlMmJmYjczMC1lY2FhLTExZTYtOGY4OC0zNDM2M2JjN2M0YzAiOnsiY3JlYXRlIjoxODAwMDAwMDAwMDAwLCJkZWxldGUiOjE4MDAwMDAwMDAwMDAsInJlYWQiOjMwMDAwMDAwMDAwMCwidXBkYXRlIjoxODAwMDAwMDAwMDAwfX0="
        }
      ]
    },
    {
      "module": "module.workers[\"0\"]",
      "mode": "managed",
      "type": "azurerm_virtual_network_peering",
      "name": "vnet_peering_controller",
      "provider": "provider[\"registry.terraform.io/hashicorp/azurerm\"]",
      "instances": [
        {
          "schema_version": 0,
          "attributes": {
            "allow_forwarded_traffic": false,
            "allow_gateway_transit": false,
            "allow_virtual_network_access": true,
            "id": "/subscriptions/53990dba-8128-4100-bb6d-ed38861c9f8f/resourceGroups/btp-perftest-with-SAP/providers/Microsoft.Network/virtualNetworks/perftest-koreacentral-vnet/virtualNetworkPeerings/perftest-koreacentral-controller-to-worker",
            "name": "perftest-koreacentral-controller-to-worker",
            "remote_virtual_network_id": "/subscriptions/53990dba-8128-4100-bb6d-ed38861c9f8f/resourceGroups/btp-perftest-with-SAP/providers/Microsoft.Network/virtualNetworks/perftest-koreacentral-worker-vnet",
            "resource_group_name": "btp-perftest-with-SAP",
            "timeouts": null,
            "triggers": null,
            "use_remote_gateways": false,
            "virtual_network_name": "perftest-koreacentral-vnet"
          },
          "sensitive_attributes": [],
          "private": "eyJlMmJmYjczMC1lY2FhLTExZTYtOGY4OC0zNDM2M2JjN2M0YzAiOnsiY3JlYXRlIjoxODAwMDAwMDAwMDAwLCJkZWxldGUiOjE4MDAwMDAwMDAwMDAsInJlYWQiOjMwMDAwMDAwMDAwMCwidXBkYXRlIjoxODAwMDAwMDAwMDAwfX0=",
          "dependencies": [
            "module.workers.azurerm_virtual_network.vnet"
          ]
        }
      ]
    },
    {
      "module": "module.workers[\"0\"]",
      "mode": "managed",
      "type": "azurerm_virtual_network_peering",
      "name": "vnet_peering_worker",
      "provider": "provider[\"registry.terraform.io/hashicorp/azurerm\"]",
      "instances": [
        {
          "schema_version": 0,
          "attributes": {
            "allow_forwarded_traffic": false,
            "allow_gateway_transit": false,
            "allow_virtual_network_access": true,
            "id": "/subscriptions/53990dba-8128-4100-bb6d-ed38861c9f8f/resourceGroups/btp-perftest-with-SAP/providers/Microsoft.Network/virtualNetworks/perftest-koreacentral-worker-vnet/virtualNetworkPeerings/perftest-koreacentral-worker-to-controller",
            "name": "perftest-koreacentral-worker-to-controller",
            "remote_virtual_network_id": "/subscriptions/53990dba-8128-4100-bb6d-ed38861c9f8f/resourceGroups/btp-perftest-with-SAP/providers/Microsoft.Network/virtualNetworks/perftest-koreacentral-vnet",
            "resource_group_name": "btp-perftest-with-SAP",
            "timeouts": null,
            "triggers": null,
            "use_remote_gateways": false,
            "virtual_network_name": "perftest-koreacentral-worker-vnet"
          },
          "sensitive_attributes": [],
          "private": "eyJlMmJmYjczMC1lY2FhLTExZTYtOGY4OC0zNDM2M2JjN2M0YzAiOnsiY3JlYXRlIjoxODAwMDAwMDAwMDAwLCJkZWxldGUiOjE4MDAwMDAwMDAwMDAsInJlYWQiOjMwMDAwMDAwMDAwMCwidXBkYXRlIjoxODAwMDAwMDAwMDAwfX0=",
          "dependencies": [
            "module.controller.azurerm_virtual_network.vnet",
            "module.workers.azurerm_virtual_network.vnet"
          ]
        }
      ]
    },
    {
      "module": "module.workers[\"1\"]",
      "mode": "managed",
      "type": "azurerm_container_group",
      "name": "worker",
      "provider": "provider[\"registry.terraform.io/hashicorp/azurerm\"]",
      "instances": [
        {
          "schema_version": 0,
          "attributes": {
            "container": [
              {
                "commands": [],
                "cpu": 2,
                "cpu_limit": 0,
                "environment_variables": {},
                "gpu": [],
                "gpu_limit": [],
                "image": "ghcr.io/kshanth/jmeter_worker:latest",
                "liveness_probe": [],
                "memory": 8,
                "memory_limit": 0,
                "name": "perftest-worker",
                "ports": [
                  {
                    "port": 1099,
                    "protocol": "TCP"
                  },
                  {
                    "port": 50000,
                    "protocol": "TCP"
                  }
                ],
                "readiness_probe": [],
                "secure_environment_variables": {},
                "security": [],
                "volume": []
              }
            ],
            "diagnostics": [],
            "dns_config": [],
            "dns_name_label": "",
            "dns_name_label_reuse_policy": "Unsecure",
            "exposed_port": [
              {
                "port": 1099,
                "protocol": "TCP"
              },
              {
                "port": 50000,
                "protocol": "TCP"
              }
            ],
            "fqdn": "",
            "id": "/subscriptions/53990dba-8128-4100-bb6d-ed38861c9f8f/resourceGroups/btp-perftest-with-SAP/providers/Microsoft.ContainerInstance/containerGroups/perftest-japaneast-worker",
            "identity": [],
            "image_registry_credential": [],
            "init_container": [],
            "ip_address": "10.52.0.4",
            "ip_address_type": "Private",
            "key_vault_key_id": null,
            "key_vault_user_assigned_identity_id": null,
            "location": "japaneast",
            "name": "perftest-japaneast-worker",
            "network_profile_id": null,
            "os_type": "Linux",
            "resource_group_name": "btp-perftest-with-SAP",
            "restart_policy": "Never",
            "sku": "Standard",
            "subnet_ids": [
              "/subscriptions/53990dba-8128-4100-bb6d-ed38861c9f8f/resourceGroups/btp-perftest-with-SAP/providers/Microsoft.Network/virtualNetworks/perftest-japaneast-worker-vnet/subnets/perftest-japaneast-worker-subnet"
            ],
            "tags": {},
            "timeouts": null,
            "zones": []
          },
          "sensitive_attributes": [],
          "private": "eyJlMmJmYjczMC1lY2FhLTExZTYtOGY4OC0zNDM2M2JjN2M0YzAiOnsiY3JlYXRlIjoxODAwMDAwMDAwMDAwLCJkZWxldGUiOjE4MDAwMDAwMDAwMDAsInJlYWQiOjMwMDAwMDAwMDAwMCwidXBkYXRlIjoxODAwMDAwMDAwMDAwfX0=",
          "dependencies": [
            "module.workers.azurerm_subnet.subnet",
            "module.workers.azurerm_virtual_network.vnet"
          ]
        }
      ]
    },
    {
      "module": "module.workers[\"1\"]",
      "mode": "managed",
      "type": "azurerm_subnet",
      "name": "subnet",
      "provider": "provider[\"registry.terraform.io/hashicorp/azurerm\"]",
      "instances": [
        {
          "schema_version": 0,
          "attributes": {
            "address_prefixes": [
              "10.52.0.0/24"
            ],
            "delegation": [
              {
                "name": "perftest-japaneast-delegation",
                "service_delegation": [
                  {
                    "actions": [
                      "Microsoft.Network/virtualNetworks/subnets/action"
                    ],
                    "name": "Microsoft.ContainerInstance/containerGroups"
                  }
                ]
              }
            ],
            "enforce_private_link_endpoint_network_policies": false,
            "enforce_private_link_service_network_policies": false,
            "id": "/subscriptions/53990dba-8128-4100-bb6d-ed38861c9f8f/resourceGroups/btp-perftest-with-SAP/providers/Microsoft.Network/virtualNetworks/perftest-japaneast-worker-vnet/subnets/perftest-japaneast-worker-subnet",
            "name": "perftest-japaneast-worker-subnet",
            "private_endpoint_network_policies_enabled": true,
            "private_link_service_network_policies_enabled": true,
            "resource_group_name": "btp-perftest-with-SAP",
            "service_endpoint_policy_ids": [],
            "service_endpoints": [],
            "timeouts": null,
            "virtual_network_name": "perftest-japaneast-worker-vnet"
          },
          "sensitive_attributes": [],
          "private": "eyJlMmJmYjczMC1lY2FhLTExZTYtOGY4OC0zNDM2M2JjN2M0YzAiOnsiY3JlYXRlIjoxODAwMDAwMDAwMDAwLCJkZWxldGUiOjE4MDAwMDAwMDAwMDAsInJlYWQiOjMwMDAwMDAwMDAwMCwidXBkYXRlIjoxODAwMDAwMDAwMDAwfX0=",
          "dependencies": [
            "module.workers.azurerm_virtual_network.vnet"
          ]
        }
      ]
    },
    {
      "module": "module.workers[\"1\"]",
      "mode": "managed",
      "type": "azurerm_virtual_network",
      "name": "vnet",
      "provider": "provider[\"registry.terraform.io/hashicorp/azurerm\"]",
      "instances": [
        {
          "schema_version": 0,
          "attributes": {
            "address_space": [
              "10.52.0.0/16"
            ],
            "bgp_community": "",
            "ddos_protection_plan": [],
            "dns_servers": [],
            "edge_zone": "",
            "encryption": [],
            "flow_timeout_in_minutes": 0,
            "guid": "ca90822e-0b35-4d48-9537-3e51553f24cf",
            "id": "/subscriptions/53990dba-8128-4100-bb6d-ed38861c9f8f/resourceGroups/btp-perftest-with-SAP/providers/Microsoft.Network/virtualNetworks/perftest-japaneast-worker-vnet",
            "location": "japaneast",
            "name": "perftest-japaneast-worker-vnet",
            "resource_group_name": "btp-perftest-with-SAP",
            "subnet": [
              {
                "address_prefix": "10.52.0.0/24",
                "id": "/subscriptions/53990dba-8128-4100-bb6d-ed38861c9f8f/resourceGroups/btp-perftest-with-SAP/providers/Microsoft.Network/virtualNetworks/perftest-japaneast-worker-vnet/subnets/perftest-japaneast-worker-subnet",
                "name": "perftest-japaneast-worker-subnet",
                "security_group": ""
              }
            ],
            "tags": {},
            "timeouts": null
          },
          "sensitive_attributes": [],
          "private": "eyJlMmJmYjczMC1lY2FhLTExZTYtOGY4OC0zNDM2M2JjN2M0YzAiOnsiY3JlYXRlIjoxODAwMDAwMDAwMDAwLCJkZWxldGUiOjE4MDAwMDAwMDAwMDAsInJlYWQiOjMwMDAwMDAwMDAwMCwidXBkYXRlIjoxODAwMDAwMDAwMDAwfX0="
        }
      ]
    },
    {
      "module": "module.workers[\"1\"]",
      "mode": "managed",
      "type": "azurerm_virtual_network_peering",
      "name": "vnet_peering_controller",
      "provider": "provider[\"registry.terraform.io/hashicorp/azurerm\"]",
      "instances": [
        {
          "schema_version": 0,
          "attributes": {
            "allow_forwarded_traffic": false,
            "allow_gateway_transit": false,
            "allow_virtual_network_access": true,
            "id": "/subscriptions/53990dba-8128-4100-bb6d-ed38861c9f8f/resourceGroups/btp-perftest-with-SAP/providers/Microsoft.Network/virtualNetworks/perftest-koreacentral-vnet/virtualNetworkPeerings/perftest-japaneast-controller-to-worker",
            "name": "perftest-japaneast-controller-to-worker",
            "remote_virtual_network_id": "/subscriptions/53990dba-8128-4100-bb6d-ed38861c9f8f/resourceGroups/btp-perftest-with-SAP/providers/Microsoft.Network/virtualNetworks/perftest-japaneast-worker-vnet",
            "resource_group_name": "btp-perftest-with-SAP",
            "timeouts": null,
            "triggers": null,
            "use_remote_gateways": false,
            "virtual_network_name": "perftest-koreacentral-vnet"
          },
          "sensitive_attributes": [],
          "private": "eyJlMmJmYjczMC1lY2FhLTExZTYtOGY4OC0zNDM2M2JjN2M0YzAiOnsiY3JlYXRlIjoxODAwMDAwMDAwMDAwLCJkZWxldGUiOjE4MDAwMDAwMDAwMDAsInJlYWQiOjMwMDAwMDAwMDAwMCwidXBkYXRlIjoxODAwMDAwMDAwMDAwfX0=",
          "dependencies": [
            "module.workers.azurerm_virtual_network.vnet"
          ]
        }
      ]
    },
    {
      "module": "module.workers[\"1\"]",
      "mode": "managed",
      "type": "azurerm_virtual_network_peering",
      "name": "vnet_peering_worker",
      "provider": "provider[\"registry.terraform.io/hashicorp/azurerm\"]",
      "instances": [
        {
          "schema_version": 0,
          "attributes": {
            "allow_forwarded_traffic": false,
            "allow_gateway_transit": false,
            "allow_virtual_network_access": true,
            "id": "/subscriptions/53990dba-8128-4100-bb6d-ed38861c9f8f/resourceGroups/btp-perftest-with-SAP/providers/Microsoft.Network/virtualNetworks/perftest-japaneast-worker-vnet/virtualNetworkPeerings/perftest-japaneast-worker-to-controller",
            "name": "perftest-japaneast-worker-to-controller",
            "remote_virtual_network_id": "/subscriptions/53990dba-8128-4100-bb6d-ed38861c9f8f/resourceGroups/btp-perftest-with-SAP/providers/Microsoft.Network/virtualNetworks/perftest-koreacentral-vnet",
            "resource_group_name": "btp-perftest-with-SAP",
            "timeouts": null,
            "triggers": null,
            "use_remote_gateways": false,
            "virtual_network_name": "perftest-japaneast-worker-vnet"
          },
          "sensitive_attributes": [],
          "private": "eyJlMmJmYjczMC1lY2FhLTExZTYtOGY4OC0zNDM2M2JjN2M0YzAiOnsiY3JlYXRlIjoxODAwMDAwMDAwMDAwLCJkZWxldGUiOjE4MDAwMDAwMDAwMDAsInJlYWQiOjMwMDAwMDAwMDAwMCwidXBkYXRlIjoxODAwMDAwMDAwMDAwfX0=",
          "dependencies": [
            "module.controller.azurerm_virtual_network.vnet",
            "module.workers.azurerm_virtual_network.vnet"
          ]
        }
      ]
    },
    {
      "module": "module.workers[\"2\"]",
      "mode": "managed",
      "type": "azurerm_container_group",
      "name": "worker",
      "provider": "provider[\"registry.terraform.io/hashicorp/azurerm\"]",
      "instances": [
        {
          "schema_version": 0,
          "attributes": {
            "container": [
              {
                "commands": [],
                "cpu": 2,
                "cpu_limit": 0,
                "environment_variables": {},
                "gpu": [],
                "gpu_limit": [],
                "image": "ghcr.io/kshanth/jmeter_worker:latest",
                "liveness_probe": [],
                "memory": 8,
                "memory_limit": 0,
                "name": "perftest-worker",
                "ports": [
                  {
                    "port": 1099,
                    "protocol": "TCP"
                  },
                  {
                    "port": 50000,
                    "protocol": "TCP"
                  }
                ],
                "readiness_probe": [],
                "secure_environment_variables": {},
                "security": [],
                "volume": []
              }
            ],
            "diagnostics": [],
            "dns_config": [],
            "dns_name_label": "",
            "dns_name_label_reuse_policy": "Unsecure",
            "exposed_port": [
              {
                "port": 1099,
                "protocol": "TCP"
              },
              {
                "port": 50000,
                "protocol": "TCP"
              }
            ],
            "fqdn": "",
            "id": "/subscriptions/53990dba-8128-4100-bb6d-ed38861c9f8f/resourceGroups/btp-perftest-with-SAP/providers/Microsoft.ContainerInstance/containerGroups/perftest-japanwest-worker",
            "identity": [],
            "image_registry_credential": [],
            "init_container": [],
            "ip_address": "10.53.0.4",
            "ip_address_type": "Private",
            "key_vault_key_id": null,
            "key_vault_user_assigned_identity_id": null,
            "location": "japanwest",
            "name": "perftest-japanwest-worker",
            "network_profile_id": null,
            "os_type": "Linux",
            "resource_group_name": "btp-perftest-with-SAP",
            "restart_policy": "Never",
            "sku": "Standard",
            "subnet_ids": [
              "/subscriptions/53990dba-8128-4100-bb6d-ed38861c9f8f/resourceGroups/btp-perftest-with-SAP/providers/Microsoft.Network/virtualNetworks/perftest-japanwest-worker-vnet/subnets/perftest-japanwest-worker-subnet"
            ],
            "tags": {},
            "timeouts": null,
            "zones": []
          },
          "sensitive_attributes": [],
          "private": "eyJlMmJmYjczMC1lY2FhLTExZTYtOGY4OC0zNDM2M2JjN2M0YzAiOnsiY3JlYXRlIjoxODAwMDAwMDAwMDAwLCJkZWxldGUiOjE4MDAwMDAwMDAwMDAsInJlYWQiOjMwMDAwMDAwMDAwMCwidXBkYXRlIjoxODAwMDAwMDAwMDAwfX0=",
          "dependencies": [
            "module.workers.azurerm_subnet.subnet",
            "module.workers.azurerm_virtual_network.vnet"
          ]
        }
      ]
    },
    {
      "module": "module.workers[\"2\"]",
      "mode": "managed",
      "type": "azurerm_subnet",
      "name": "subnet",
      "provider": "provider[\"registry.terraform.io/hashicorp/azurerm\"]",
      "instances": [
        {
          "schema_version": 0,
          "attributes": {
            "address_prefixes": [
              "10.53.0.0/24"
            ],
            "delegation": [
              {
                "name": "perftest-japanwest-delegation",
                "service_delegation": [
                  {
                    "actions": [
                      "Microsoft.Network/virtualNetworks/subnets/action"
                    ],
                    "name": "Microsoft.ContainerInstance/containerGroups"
                  }
                ]
              }
            ],
            "enforce_private_link_endpoint_network_policies": false,
            "enforce_private_link_service_network_policies": false,
            "id": "/subscriptions/53990dba-8128-4100-bb6d-ed38861c9f8f/resourceGroups/btp-perftest-with-SAP/providers/Microsoft.Network/virtualNetworks/perftest-japanwest-worker-vnet/subnets/perftest-japanwest-worker-subnet",
            "name": "perftest-japanwest-worker-subnet",
            "private_endpoint_network_policies_enabled": true,
            "private_link_service_network_policies_enabled": true,
            "resource_group_name": "btp-perftest-with-SAP",
            "service_endpoint_policy_ids": [],
            "service_endpoints": [],
            "timeouts": null,
            "virtual_network_name": "perftest-japanwest-worker-vnet"
          },
          "sensitive_attributes": [],
          "private": "eyJlMmJmYjczMC1lY2FhLTExZTYtOGY4OC0zNDM2M2JjN2M0YzAiOnsiY3JlYXRlIjoxODAwMDAwMDAwMDAwLCJkZWxldGUiOjE4MDAwMDAwMDAwMDAsInJlYWQiOjMwMDAwMDAwMDAwMCwidXBkYXRlIjoxODAwMDAwMDAwMDAwfX0=",
          "dependencies": [
            "module.workers.azurerm_virtual_network.vnet"
          ]
        }
      ]
    },
    {
      "module": "module.workers[\"2\"]",
      "mode": "managed",
      "type": "azurerm_virtual_network",
      "name": "vnet",
      "provider": "provider[\"registry.terraform.io/hashicorp/azurerm\"]",
      "instances": [
        {
          "schema_version": 0,
          "attributes": {
            "address_space": [
              "10.53.0.0/16"
            ],
            "bgp_community": "",
            "ddos_protection_plan": [],
            "dns_servers": [],
            "edge_zone": "",
            "encryption": [],
            "flow_timeout_in_minutes": 0,
            "guid": "7fffa052-b215-4626-b617-0c76911e0151",
            "id": "/subscriptions/53990dba-8128-4100-bb6d-ed38861c9f8f/resourceGroups/btp-perftest-with-SAP/providers/Microsoft.Network/virtualNetworks/perftest-japanwest-worker-vnet",
            "location": "japanwest",
            "name": "perftest-japanwest-worker-vnet",
            "resource_group_name": "btp-perftest-with-SAP",
            "subnet": [
              {
                "address_prefix": "10.53.0.0/24",
                "id": "/subscriptions/53990dba-8128-4100-bb6d-ed38861c9f8f/resourceGroups/btp-perftest-with-SAP/providers/Microsoft.Network/virtualNetworks/perftest-japanwest-worker-vnet/subnets/perftest-japanwest-worker-subnet",
                "name": "perftest-japanwest-worker-subnet",
                "security_group": ""
              }
            ],
            "tags": {},
            "timeouts": null
          },
          "sensitive_attributes": [],
          "private": "eyJlMmJmYjczMC1lY2FhLTExZTYtOGY4OC0zNDM2M2JjN2M0YzAiOnsiY3JlYXRlIjoxODAwMDAwMDAwMDAwLCJkZWxldGUiOjE4MDAwMDAwMDAwMDAsInJlYWQiOjMwMDAwMDAwMDAwMCwidXBkYXRlIjoxODAwMDAwMDAwMDAwfX0="
        }
      ]
    },
    {
      "module": "module.workers[\"2\"]",
      "mode": "managed",
      "type": "azurerm_virtual_network_peering",
      "name": "vnet_peering_controller",
      "provider": "provider[\"registry.terraform.io/hashicorp/azurerm\"]",
      "instances": [
        {
          "schema_version": 0,
          "attributes": {
            "allow_forwarded_traffic": false,
            "allow_gateway_transit": false,
            "allow_virtual_network_access": true,
            "id": "/subscriptions/53990dba-8128-4100-bb6d-ed38861c9f8f/resourceGroups/btp-perftest-with-SAP/providers/Microsoft.Network/virtualNetworks/perftest-koreacentral-vnet/virtualNetworkPeerings/perftest-japanwest-controller-to-worker",
            "name": "perftest-japanwest-controller-to-worker",
            "remote_virtual_network_id": "/subscriptions/53990dba-8128-4100-bb6d-ed38861c9f8f/resourceGroups/btp-perftest-with-SAP/providers/Microsoft.Network/virtualNetworks/perftest-japanwest-worker-vnet",
            "resource_group_name": "btp-perftest-with-SAP",
            "timeouts": null,
            "triggers": null,
            "use_remote_gateways": false,
            "virtual_network_name": "perftest-koreacentral-vnet"
          },
          "sensitive_attributes": [],
          "private": "eyJlMmJmYjczMC1lY2FhLTExZTYtOGY4OC0zNDM2M2JjN2M0YzAiOnsiY3JlYXRlIjoxODAwMDAwMDAwMDAwLCJkZWxldGUiOjE4MDAwMDAwMDAwMDAsInJlYWQiOjMwMDAwMDAwMDAwMCwidXBkYXRlIjoxODAwMDAwMDAwMDAwfX0=",
          "dependencies": [
            "module.workers.azurerm_virtual_network.vnet"
          ]
        }
      ]
    },
    {
      "module": "module.workers[\"2\"]",
      "mode": "managed",
      "type": "azurerm_virtual_network_peering",
      "name": "vnet_peering_worker",
      "provider": "provider[\"registry.terraform.io/hashicorp/azurerm\"]",
      "instances": [
        {
          "schema_version": 0,
          "attributes": {
            "allow_forwarded_traffic": false,
            "allow_gateway_transit": false,
            "allow_virtual_network_access": true,
            "id": "/subscriptions/53990dba-8128-4100-bb6d-ed38861c9f8f/resourceGroups/btp-perftest-with-SAP/providers/Microsoft.Network/virtualNetworks/perftest-japanwest-worker-vnet/virtualNetworkPeerings/perftest-japanwest-worker-to-controller",
            "name": "perftest-japanwest-worker-to-controller",
            "remote_virtual_network_id": "/subscriptions/53990dba-8128-4100-bb6d-ed38861c9f8f/resourceGroups/btp-perftest-with-SAP/providers/Microsoft.Network/virtualNetworks/perftest-koreacentral-vnet",
            "resource_group_name": "btp-perftest-with-SAP",
            "timeouts": null,
            "triggers": null,
            "use_remote_gateways": false,
            "virtual_network_name": "perftest-japanwest-worker-vnet"
          },
          "sensitive_attributes": [],
          "private": "eyJlMmJmYjczMC1lY2FhLTExZTYtOGY4OC0zNDM2M2JjN2M0YzAiOnsiY3JlYXRlIjoxODAwMDAwMDAwMDAwLCJkZWxldGUiOjE4MDAwMDAwMDAwMDAsInJlYWQiOjMwMDAwMDAwMDAwMCwidXBkYXRlIjoxODAwMDAwMDAwMDAwfX0=",
          "dependencies": [
            "module.controller.azurerm_virtual_network.vnet",
            "module.workers.azurerm_virtual_network.vnet"
          ]
        }
      ]
    },
    {
      "module": "module.workers[\"3\"]",
      "mode": "managed",
      "type": "azurerm_container_group",
      "name": "worker",
      "provider": "provider[\"registry.terraform.io/hashicorp/azurerm\"]",
      "instances": [
        {
          "schema_version": 0,
          "attributes": {
            "container": [
              {
                "commands": [],
                "cpu": 2,
                "cpu_limit": 0,
                "environment_variables": {},
                "gpu": [],
                "gpu_limit": [],
                "image": "ghcr.io/kshanth/jmeter_worker:latest",
                "liveness_probe": [],
                "memory": 8,
                "memory_limit": 0,
                "name": "perftest-worker",
                "ports": [
                  {
                    "port": 1099,
                    "protocol": "TCP"
                  },
                  {
                    "port": 50000,
                    "protocol": "TCP"
                  }
                ],
                "readiness_probe": [],
                "secure_environment_variables": {},
                "security": [],
                "volume": []
              }
            ],
            "diagnostics": [],
            "dns_config": [],
            "dns_name_label": "",
            "dns_name_label_reuse_policy": "Unsecure",
            "exposed_port": [
              {
                "port": 1099,
                "protocol": "TCP"
              },
              {
                "port": 50000,
                "protocol": "TCP"
              }
            ],
            "fqdn": "",
            "id": "/subscriptions/53990dba-8128-4100-bb6d-ed38861c9f8f/resourceGroups/btp-perftest-with-SAP/providers/Microsoft.ContainerInstance/containerGroups/perftest-eastasia-worker",
            "identity": [],
            "image_registry_credential": [],
            "init_container": [],
            "ip_address": "10.54.0.4",
            "ip_address_type": "Private",
            "key_vault_key_id": null,
            "key_vault_user_assigned_identity_id": null,
            "location": "eastasia",
            "name": "perftest-eastasia-worker",
            "network_profile_id": null,
            "os_type": "Linux",
            "resource_group_name": "btp-perftest-with-SAP",
            "restart_policy": "Never",
            "sku": "Standard",
            "subnet_ids": [
              "/subscriptions/53990dba-8128-4100-bb6d-ed38861c9f8f/resourceGroups/btp-perftest-with-SAP/providers/Microsoft.Network/virtualNetworks/perftest-eastasia-worker-vnet/subnets/perftest-eastasia-worker-subnet"
            ],
            "tags": {},
            "timeouts": null,
            "zones": []
          },
          "sensitive_attributes": [],
          "private": "eyJlMmJmYjczMC1lY2FhLTExZTYtOGY4OC0zNDM2M2JjN2M0YzAiOnsiY3JlYXRlIjoxODAwMDAwMDAwMDAwLCJkZWxldGUiOjE4MDAwMDAwMDAwMDAsInJlYWQiOjMwMDAwMDAwMDAwMCwidXBkYXRlIjoxODAwMDAwMDAwMDAwfX0=",
          "dependencies": [
            "module.workers.azurerm_subnet.subnet",
            "module.workers.azurerm_virtual_network.vnet"
          ]
        }
      ]
    },
    {
      "module": "module.workers[\"3\"]",
      "mode": "managed",
      "type": "azurerm_subnet",
      "name": "subnet",
      "provider": "provider[\"registry.terraform.io/hashicorp/azurerm\"]",
      "instances": [
        {
          "schema_version": 0,
          "attributes": {
            "address_prefixes": [
              "10.54.0.0/24"
            ],
            "delegation": [
              {
                "name": "perftest-eastasia-delegation",
                "service_delegation": [
                  {
                    "actions": [
                      "Microsoft.Network/virtualNetworks/subnets/action"
                    ],
                    "name": "Microsoft.ContainerInstance/containerGroups"
                  }
                ]
              }
            ],
            "enforce_private_link_endpoint_network_policies": false,
            "enforce_private_link_service_network_policies": false,
            "id": "/subscriptions/53990dba-8128-4100-bb6d-ed38861c9f8f/resourceGroups/btp-perftest-with-SAP/providers/Microsoft.Network/virtualNetworks/perftest-eastasia-worker-vnet/subnets/perftest-eastasia-worker-subnet",
            "name": "perftest-eastasia-worker-subnet",
            "private_endpoint_network_policies_enabled": true,
            "private_link_service_network_policies_enabled": true,
            "resource_group_name": "btp-perftest-with-SAP",
            "service_endpoint_policy_ids": [],
            "service_endpoints": [],
            "timeouts": null,
            "virtual_network_name": "perftest-eastasia-worker-vnet"
          },
          "sensitive_attributes": [],
          "private": "eyJlMmJmYjczMC1lY2FhLTExZTYtOGY4OC0zNDM2M2JjN2M0YzAiOnsiY3JlYXRlIjoxODAwMDAwMDAwMDAwLCJkZWxldGUiOjE4MDAwMDAwMDAwMDAsInJlYWQiOjMwMDAwMDAwMDAwMCwidXBkYXRlIjoxODAwMDAwMDAwMDAwfX0=",
          "dependencies": [
            "module.workers.azurerm_virtual_network.vnet"
          ]
        }
      ]
    },
    {
      "module": "module.workers[\"3\"]",
      "mode": "managed",
      "type": "azurerm_virtual_network",
      "name": "vnet",
      "provider": "provider[\"registry.terraform.io/hashicorp/azurerm\"]",
      "instances": [
        {
          "schema_version": 0,
          "attributes": {
            "address_space": [
              "10.54.0.0/16"
            ],
            "bgp_community": "",
            "ddos_protection_plan": [],
            "dns_servers": [],
            "edge_zone": "",
            "encryption": [],
            "flow_timeout_in_minutes": 0,
            "guid": "c1b028a0-8355-4ccb-a0aa-3e4da09ee35a",
            "id": "/subscriptions/53990dba-8128-4100-bb6d-ed38861c9f8f/resourceGroups/btp-perftest-with-SAP/providers/Microsoft.Network/virtualNetworks/perftest-eastasia-worker-vnet",
            "location": "eastasia",
            "name": "perftest-eastasia-worker-vnet",
            "resource_group_name": "btp-perftest-with-SAP",
            "subnet": [
              {
                "address_prefix": "10.54.0.0/24",
                "id": "/subscriptions/53990dba-8128-4100-bb6d-ed38861c9f8f/resourceGroups/btp-perftest-with-SAP/providers/Microsoft.Network/virtualNetworks/perftest-eastasia-worker-vnet/subnets/perftest-eastasia-worker-subnet",
                "name": "perftest-eastasia-worker-subnet",
                "security_group": ""
              }
            ],
            "tags": {},
            "timeouts": null
          },
          "sensitive_attributes": [],
          "private": "eyJlMmJmYjczMC1lY2FhLTExZTYtOGY4OC0zNDM2M2JjN2M0YzAiOnsiY3JlYXRlIjoxODAwMDAwMDAwMDAwLCJkZWxldGUiOjE4MDAwMDAwMDAwMDAsInJlYWQiOjMwMDAwMDAwMDAwMCwidXBkYXRlIjoxODAwMDAwMDAwMDAwfX0="
        }
      ]
    },
    {
      "module": "module.workers[\"3\"]",
      "mode": "managed",
      "type": "azurerm_virtual_network_peering",
      "name": "vnet_peering_controller",
      "provider": "provider[\"registry.terraform.io/hashicorp/azurerm\"]",
      "instances": [
        {
          "schema_version": 0,
          "attributes": {
            "allow_forwarded_traffic": false,
            "allow_gateway_transit": false,
            "allow_virtual_network_access": true,
            "id": "/subscriptions/53990dba-8128-4100-bb6d-ed38861c9f8f/resourceGroups/btp-perftest-with-SAP/providers/Microsoft.Network/virtualNetworks/perftest-koreacentral-vnet/virtualNetworkPeerings/perftest-eastasia-controller-to-worker",
            "name": "perftest-eastasia-controller-to-worker",
            "remote_virtual_network_id": "/subscriptions/53990dba-8128-4100-bb6d-ed38861c9f8f/resourceGroups/btp-perftest-with-SAP/providers/Microsoft.Network/virtualNetworks/perftest-eastasia-worker-vnet",
            "resource_group_name": "btp-perftest-with-SAP",
            "timeouts": null,
            "triggers": null,
            "use_remote_gateways": false,
            "virtual_network_name": "perftest-koreacentral-vnet"
          },
          "sensitive_attributes": [],
          "private": "eyJlMmJmYjczMC1lY2FhLTExZTYtOGY4OC0zNDM2M2JjN2M0YzAiOnsiY3JlYXRlIjoxODAwMDAwMDAwMDAwLCJkZWxldGUiOjE4MDAwMDAwMDAwMDAsInJlYWQiOjMwMDAwMDAwMDAwMCwidXBkYXRlIjoxODAwMDAwMDAwMDAwfX0=",
          "dependencies": [
            "module.workers.azurerm_virtual_network.vnet"
          ]
        }
      ]
    },
    {
      "module": "module.workers[\"3\"]",
      "mode": "managed",
      "type": "azurerm_virtual_network_peering",
      "name": "vnet_peering_worker",
      "provider": "provider[\"registry.terraform.io/hashicorp/azurerm\"]",
      "instances": [
        {
          "schema_version": 0,
          "attributes": {
            "allow_forwarded_traffic": false,
            "allow_gateway_transit": false,
            "allow_virtual_network_access": true,
            "id": "/subscriptions/53990dba-8128-4100-bb6d-ed38861c9f8f/resourceGroups/btp-perftest-with-SAP/providers/Microsoft.Network/virtualNetworks/perftest-eastasia-worker-vnet/virtualNetworkPeerings/perftest-eastasia-worker-to-controller",
            "name": "perftest-eastasia-worker-to-controller",
            "remote_virtual_network_id": "/subscriptions/53990dba-8128-4100-bb6d-ed38861c9f8f/resourceGroups/btp-perftest-with-SAP/providers/Microsoft.Network/virtualNetworks/perftest-koreacentral-vnet",
            "resource_group_name": "btp-perftest-with-SAP",
            "timeouts": null,
            "triggers": null,
            "use_remote_gateways": false,
            "virtual_network_name": "perftest-eastasia-worker-vnet"
          },
          "sensitive_attributes": [],
          "private": "eyJlMmJmYjczMC1lY2FhLTExZTYtOGY4OC0zNDM2M2JjN2M0YzAiOnsiY3JlYXRlIjoxODAwMDAwMDAwMDAwLCJkZWxldGUiOjE4MDAwMDAwMDAwMDAsInJlYWQiOjMwMDAwMDAwMDAwMCwidXBkYXRlIjoxODAwMDAwMDAwMDAwfX0=",
          "dependencies": [
            "module.controller.azurerm_virtual_network.vnet",
            "module.workers.azurerm_virtual_network.vnet"
          ]
        }
      ]
    },
    {
      "module": "module.workers[\"4\"]",
      "mode": "managed",
      "type": "azurerm_container_group",
      "name": "worker",
      "provider": "provider[\"registry.terraform.io/hashicorp/azurerm\"]",
      "instances": [
        {
          "schema_version": 0,
          "attributes": {
            "container": [
              {
                "commands": [],
                "cpu": 2,
                "cpu_limit": 0,
                "environment_variables": {},
                "gpu": [],
                "gpu_limit": [],
                "image": "ghcr.io/kshanth/jmeter_worker:latest",
                "liveness_probe": [],
                "memory": 8,
                "memory_limit": 0,
                "name": "perftest-worker",
                "ports": [
                  {
                    "port": 1099,
                    "protocol": "TCP"
                  },
                  {
                    "port": 50000,
                    "protocol": "TCP"
                  }
                ],
                "readiness_probe": [],
                "secure_environment_variables": {},
                "security": [],
                "volume": []
              }
            ],
            "diagnostics": [],
            "dns_config": [],
            "dns_name_label": "",
            "dns_name_label_reuse_policy": "Unsecure",
            "exposed_port": [
              {
                "port": 1099,
                "protocol": "TCP"
              },
              {
                "port": 50000,
                "protocol": "TCP"
              }
            ],
            "fqdn": "",
            "id": "/subscriptions/53990dba-8128-4100-bb6d-ed38861c9f8f/resourceGroups/btp-perftest-with-SAP/providers/Microsoft.ContainerInstance/containerGroups/perftest-southeastasia-worker",
            "identity": [],
            "image_registry_credential": [],
            "init_container": [],
            "ip_address": "10.55.0.4",
            "ip_address_type": "Private",
            "key_vault_key_id": null,
            "key_vault_user_assigned_identity_id": null,
            "location": "southeastasia",
            "name": "perftest-southeastasia-worker",
            "network_profile_id": null,
            "os_type": "Linux",
            "resource_group_name": "btp-perftest-with-SAP",
            "restart_policy": "Never",
            "sku": "Standard",
            "subnet_ids": [
              "/subscriptions/53990dba-8128-4100-bb6d-ed38861c9f8f/resourceGroups/btp-perftest-with-SAP/providers/Microsoft.Network/virtualNetworks/perftest-southeastasia-worker-vnet/subnets/perftest-southeastasia-worker-subnet"
            ],
            "tags": {},
            "timeouts": null,
            "zones": []
          },
          "sensitive_attributes": [],
          "private": "eyJlMmJmYjczMC1lY2FhLTExZTYtOGY4OC0zNDM2M2JjN2M0YzAiOnsiY3JlYXRlIjoxODAwMDAwMDAwMDAwLCJkZWxldGUiOjE4MDAwMDAwMDAwMDAsInJlYWQiOjMwMDAwMDAwMDAwMCwidXBkYXRlIjoxODAwMDAwMDAwMDAwfX0=",
          "dependencies": [
            "module.workers.azurerm_subnet.subnet",
            "module.workers.azurerm_virtual_network.vnet"
          ]
        }
      ]
    },
    {
      "module": "module.workers[\"4\"]",
      "mode": "managed",
      "type": "azurerm_subnet",
      "name": "subnet",
      "provider": "provider[\"registry.terraform.io/hashicorp/azurerm\"]",
      "instances": [
        {
          "schema_version": 0,
          "attributes": {
            "address_prefixes": [
              "10.55.0.0/24"
            ],
            "delegation": [
              {
                "name": "perftest-southeastasia-delegation",
                "service_delegation": [
                  {
                    "actions": [
                      "Microsoft.Network/virtualNetworks/subnets/action"
                    ],
                    "name": "Microsoft.ContainerInstance/containerGroups"
                  }
                ]
              }
            ],
            "enforce_private_link_endpoint_network_policies": false,
            "enforce_private_link_service_network_policies": false,
            "id": "/subscriptions/53990dba-8128-4100-bb6d-ed38861c9f8f/resourceGroups/btp-perftest-with-SAP/providers/Microsoft.Network/virtualNetworks/perftest-southeastasia-worker-vnet/subnets/perftest-southeastasia-worker-subnet",
            "name": "perftest-southeastasia-worker-subnet",
            "private_endpoint_network_policies_enabled": true,
            "private_link_service_network_policies_enabled": true,
            "resource_group_name": "btp-perftest-with-SAP",
            "service_endpoint_policy_ids": [],
            "service_endpoints": [],
            "timeouts": null,
            "virtual_network_name": "perftest-southeastasia-worker-vnet"
          },
          "sensitive_attributes": [],
          "private": "eyJlMmJmYjczMC1lY2FhLTExZTYtOGY4OC0zNDM2M2JjN2M0YzAiOnsiY3JlYXRlIjoxODAwMDAwMDAwMDAwLCJkZWxldGUiOjE4MDAwMDAwMDAwMDAsInJlYWQiOjMwMDAwMDAwMDAwMCwidXBkYXRlIjoxODAwMDAwMDAwMDAwfX0=",
          "dependencies": [
            "module.workers.azurerm_virtual_network.vnet"
          ]
        }
      ]
    },
    {
      "module": "module.workers[\"4\"]",
      "mode": "managed",
      "type": "azurerm_virtual_network",
      "name": "vnet",
      "provider": "provider[\"registry.terraform.io/hashicorp/azurerm\"]",
      "instances": [
        {
          "schema_version": 0,
          "attributes": {
            "address_space": [
              "10.55.0.0/16"
            ],
            "bgp_community": "",
            "ddos_protection_plan": [],
            "dns_servers": [],
            "edge_zone": "",
            "encryption": [],
            "flow_timeout_in_minutes": 0,
            "guid": "4c093042-a443-44ba-9660-31cd87c4e1ca",
            "id": "/subscriptions/53990dba-8128-4100-bb6d-ed38861c9f8f/resourceGroups/btp-perftest-with-SAP/providers/Microsoft.Network/virtualNetworks/perftest-southeastasia-worker-vnet",
            "location": "southeastasia",
            "name": "perftest-southeastasia-worker-vnet",
            "resource_group_name": "btp-perftest-with-SAP",
            "subnet": [
              {
                "address_prefix": "10.55.0.0/24",
                "id": "/subscriptions/53990dba-8128-4100-bb6d-ed38861c9f8f/resourceGroups/btp-perftest-with-SAP/providers/Microsoft.Network/virtualNetworks/perftest-southeastasia-worker-vnet/subnets/perftest-southeastasia-worker-subnet",
                "name": "perftest-southeastasia-worker-subnet",
                "security_group": ""
              }
            ],
            "tags": {},
            "timeouts": null
          },
          "sensitive_attributes": [],
          "private": "eyJlMmJmYjczMC1lY2FhLTExZTYtOGY4OC0zNDM2M2JjN2M0YzAiOnsiY3JlYXRlIjoxODAwMDAwMDAwMDAwLCJkZWxldGUiOjE4MDAwMDAwMDAwMDAsInJlYWQiOjMwMDAwMDAwMDAwMCwidXBkYXRlIjoxODAwMDAwMDAwMDAwfX0="
        }
      ]
    },
    {
      "module": "module.workers[\"4\"]",
      "mode": "managed",
      "type": "azurerm_virtual_network_peering",
      "name": "vnet_peering_controller",
      "provider": "provider[\"registry.terraform.io/hashicorp/azurerm\"]",
      "instances": [
        {
          "schema_version": 0,
          "attributes": {
            "allow_forwarded_traffic": false,
            "allow_gateway_transit": false,
            "allow_virtual_network_access": true,
            "id": "/subscriptions/53990dba-8128-4100-bb6d-ed38861c9f8f/resourceGroups/btp-perftest-with-SAP/providers/Microsoft.Network/virtualNetworks/perftest-koreacentral-vnet/virtualNetworkPeerings/perftest-southeastasia-controller-to-worker",
            "name": "perftest-southeastasia-controller-to-worker",
            "remote_virtual_network_id": "/subscriptions/53990dba-8128-4100-bb6d-ed38861c9f8f/resourceGroups/btp-perftest-with-SAP/providers/Microsoft.Network/virtualNetworks/perftest-southeastasia-worker-vnet",
            "resource_group_name": "btp-perftest-with-SAP",
            "timeouts": null,
            "triggers": null,
            "use_remote_gateways": false,
            "virtual_network_name": "perftest-koreacentral-vnet"
          },
          "sensitive_attributes": [],
          "private": "eyJlMmJmYjczMC1lY2FhLTExZTYtOGY4OC0zNDM2M2JjN2M0YzAiOnsiY3JlYXRlIjoxODAwMDAwMDAwMDAwLCJkZWxldGUiOjE4MDAwMDAwMDAwMDAsInJlYWQiOjMwMDAwMDAwMDAwMCwidXBkYXRlIjoxODAwMDAwMDAwMDAwfX0=",
          "dependencies": [
            "module.workers.azurerm_virtual_network.vnet"
          ]
        }
      ]
    },
    {
      "module": "module.workers[\"4\"]",
      "mode": "managed",
      "type": "azurerm_virtual_network_peering",
      "name": "vnet_peering_worker",
      "provider": "provider[\"registry.terraform.io/hashicorp/azurerm\"]",
      "instances": [
        {
          "schema_version": 0,
          "attributes": {
            "allow_forwarded_traffic": false,
            "allow_gateway_transit": false,
            "allow_virtual_network_access": true,
            "id": "/subscriptions/53990dba-8128-4100-bb6d-ed38861c9f8f/resourceGroups/btp-perftest-with-SAP/providers/Microsoft.Network/virtualNetworks/perftest-southeastasia-worker-vnet/virtualNetworkPeerings/perftest-southeastasia-worker-to-controller",
            "name": "perftest-southeastasia-worker-to-controller",
            "remote_virtual_network_id": "/subscriptions/53990dba-8128-4100-bb6d-ed38861c9f8f/resourceGroups/btp-perftest-with-SAP/providers/Microsoft.Network/virtualNetworks/perftest-koreacentral-vnet",
            "resource_group_name": "btp-perftest-with-SAP",
            "timeouts": null,
            "triggers": null,
            "use_remote_gateways": false,
            "virtual_network_name": "perftest-southeastasia-worker-vnet"
          },
          "sensitive_attributes": [],
          "private": "eyJlMmJmYjczMC1lY2FhLTExZTYtOGY4OC0zNDM2M2JjN2M0YzAiOnsiY3JlYXRlIjoxODAwMDAwMDAwMDAwLCJkZWxldGUiOjE4MDAwMDAwMDAwMDAsInJlYWQiOjMwMDAwMDAwMDAwMCwidXBkYXRlIjoxODAwMDAwMDAwMDAwfX0=",
          "dependencies": [
            "module.controller.azurerm_virtual_network.vnet",
            "module.workers.azurerm_virtual_network.vnet"
          ]
        }
      ]
    }
  ]
}
