{
  "version": 4,
  "terraform_version": "1.2.8",
  "serial": 68,
  "lineage": "a04e16e9-4f74-8530-0df8-f29fbb565a73",
  "outputs": {
    "controller_ip_address": {
      "value": [
        {
          "IPAddress": "10.30.0.4",
          "Name": "CanadaCentral"
        }
      ],
      "type": [
        "tuple",
        [
          [
            "object",
            {
              "IPAddress": "string",
              "Name": "string"
            }
          ]
        ]
      ]
    },
    "worker_ip_address": {
      "value": [
        {
          "IPAddress": "10.31.0.4",
          "Name": "CanadaCentral"
        },
        {
          "IPAddress": "10.32.0.4",
          "Name": "CanadaEast"
        },
        {
          "IPAddress": "10.33.0.4",
          "Name": "EastUS2"
        },
        {
          "IPAddress": "10.34.0.4",
          "Name": "SouthCentralUS"
        },
        {
          "IPAddress": "10.35.0.4",
          "Name": "WestUS2"
        }
      ],
      "type": [
        "tuple",
        [
          [
            "object",
            {
              "IPAddress": "string",
              "Name": "string"
            }
          ],
          [
            "object",
            {
              "IPAddress": "string",
              "Name": "string"
            }
          ],
          [
            "object",
            {
              "IPAddress": "string",
              "Name": "string"
            }
          ],
          [
            "object",
            {
              "IPAddress": "string",
              "Name": "string"
            }
          ],
          [
            "object",
            {
              "IPAddress": "string",
              "Name": "string"
            }
          ]
        ]
      ]
    }
  },
  "resources": [
    {
      "module": "module.controller",
      "mode": "managed",
      "type": "azurerm_subnet",
      "name": "subnet",
      "provider": "provider[\"registry.terraform.io/hashicorp/azurerm\"]",
      "instances": [
        {
          "schema_version": 0,
          "attributes": {
            "address_prefixes": [
              "10.30.0.0/24"
            ],
            "delegation": [
              {
                "name": "perftest-canadacentral-delegation",
                "service_delegation": [
                  {
                    "actions": [
                      "Microsoft.Network/virtualNetworks/subnets/action"
                    ],
                    "name": "Microsoft.ContainerInstance/containerGroups"
                  }
                ]
              }
            ],
            "enforce_private_link_endpoint_network_policies": false,
            "enforce_private_link_service_network_policies": false,
            "id": "/subscriptions/53990dba-8128-4100-bb6d-ed38861c9f8f/resourceGroups/btp-perftest-with-SAP/providers/Microsoft.Network/virtualNetworks/perftest-canadacentral-vnet/subnets/perftest-canadacentral-subnet",
            "name": "perftest-canadacentral-subnet",
            "private_endpoint_network_policies_enabled": true,
            "private_link_service_network_policies_enabled": true,
            "resource_group_name": "btp-perftest-with-SAP",
            "service_endpoint_policy_ids": [],
            "service_endpoints": [],
            "timeouts": null,
            "virtual_network_name": "perftest-canadacentral-vnet"
          },
          "sensitive_attributes": [],
          "private": "eyJlMmJmYjczMC1lY2FhLTExZTYtOGY4OC0zNDM2M2JjN2M0YzAiOnsiY3JlYXRlIjoxODAwMDAwMDAwMDAwLCJkZWxldGUiOjE4MDAwMDAwMDAwMDAsInJlYWQiOjMwMDAwMDAwMDAwMCwidXBkYXRlIjoxODAwMDAwMDAwMDAwfX0=",
          "dependencies": [
            "module.controller.azurerm_virtual_network.vnet"
          ]
        }
      ]
    },
    {
      "module": "module.controller",
      "mode": "managed",
      "type": "azurerm_virtual_network",
      "name": "vnet",
      "provider": "provider[\"registry.terraform.io/hashicorp/azurerm\"]",
      "instances": [
        {
          "schema_version": 0,
          "attributes": {
            "address_space": [
              "10.30.0.0/16"
            ],
            "bgp_community": "",
            "ddos_protection_plan": [],
            "dns_servers": [],
            "edge_zone": "",
            "flow_timeout_in_minutes": 0,
            "guid": "c898ec92-b138-4ebf-8522-4ab6eda2b222",
            "id": "/subscriptions/53990dba-8128-4100-bb6d-ed38861c9f8f/resourceGroups/btp-perftest-with-SAP/providers/Microsoft.Network/virtualNetworks/perftest-canadacentral-vnet",
            "location": "canadacentral",
            "name": "perftest-canadacentral-vnet",
            "resource_group_name": "btp-perftest-with-SAP",
            "subnet": [
              {
                "address_prefix": "10.30.0.0/24",
                "id": "/subscriptions/53990dba-8128-4100-bb6d-ed38861c9f8f/resourceGroups/btp-perftest-with-SAP/providers/Microsoft.Network/virtualNetworks/perftest-canadacentral-vnet/subnets/perftest-canadacentral-subnet",
                "name": "perftest-canadacentral-subnet",
                "security_group": ""
              }
            ],
            "tags": {},
            "timeouts": null
          },
          "sensitive_attributes": [],
          "private": "eyJlMmJmYjczMC1lY2FhLTExZTYtOGY4OC0zNDM2M2JjN2M0YzAiOnsiY3JlYXRlIjoxODAwMDAwMDAwMDAwLCJkZWxldGUiOjE4MDAwMDAwMDAwMDAsInJlYWQiOjMwMDAwMDAwMDAwMCwidXBkYXRlIjoxODAwMDAwMDAwMDAwfX0="
        }
      ]
    },
    {
      "module": "module.workers[\"0\"]",
      "mode": "managed",
      "type": "azurerm_container_group",
      "name": "worker",
      "provider": "provider[\"registry.terraform.io/hashicorp/azurerm\"]",
      "instances": [
        {
          "schema_version": 0,
          "attributes": {
            "container": [
              {
                "commands": [],
                "cpu": 2,
                "cpu_limit": 0,
                "environment_variables": {},
                "gpu": [],
                "gpu_limit": [],
                "image": "ghcr.io/kshanth/jmeter_worker:latest",
                "liveness_probe": [],
                "memory": 8,
                "memory_limit": 0,
                "name": "perftest-worker",
                "ports": [
                  {
                    "port": 1099,
                    "protocol": "TCP"
                  },
                  {
                    "port": 50000,
                    "protocol": "TCP"
                  }
                ],
                "readiness_probe": [],
                "secure_environment_variables": {},
                "volume": []
              }
            ],
            "diagnostics": [],
            "dns_config": [],
            "dns_name_label": "",
            "dns_name_label_reuse_policy": "Unsecure",
            "exposed_port": [
              {
                "port": 1099,
                "protocol": "TCP"
              },
              {
                "port": 50000,
                "protocol": "TCP"
              }
            ],
            "fqdn": "",
            "id": "/subscriptions/53990dba-8128-4100-bb6d-ed38861c9f8f/resourceGroups/btp-perftest-with-SAP/providers/Microsoft.ContainerInstance/containerGroups/perftest-canadacentral-worker",
            "identity": [],
            "image_registry_credential": [],
            "init_container": [],
            "ip_address": "10.31.0.4",
            "ip_address_type": "Private",
            "key_vault_key_id": null,
            "location": "canadacentral",
            "name": "perftest-canadacentral-worker",
            "network_profile_id": null,
            "os_type": "Linux",
            "resource_group_name": "btp-perftest-with-SAP",
            "restart_policy": "Never",
            "subnet_ids": [
              "/subscriptions/53990dba-8128-4100-bb6d-ed38861c9f8f/resourceGroups/btp-perftest-with-SAP/providers/Microsoft.Network/virtualNetworks/perftest-canadacentral-worker-vnet/subnets/perftest-canadacentral-worker-subnet"
            ],
            "tags": {},
            "timeouts": null,
            "zones": []
          },
          "sensitive_attributes": [],
          "private": "eyJlMmJmYjczMC1lY2FhLTExZTYtOGY4OC0zNDM2M2JjN2M0YzAiOnsiY3JlYXRlIjoxODAwMDAwMDAwMDAwLCJkZWxldGUiOjE4MDAwMDAwMDAwMDAsInJlYWQiOjMwMDAwMDAwMDAwMCwidXBkYXRlIjoxODAwMDAwMDAwMDAwfX0=",
          "dependencies": [
            "module.workers.azurerm_subnet.subnet",
            "module.workers.azurerm_virtual_network.vnet"
          ]
        }
      ]
    },
    {
      "module": "module.workers[\"0\"]",
      "mode": "managed",
      "type": "azurerm_subnet",
      "name": "subnet",
      "provider": "provider[\"registry.terraform.io/hashicorp/azurerm\"]",
      "instances": [
        {
          "schema_version": 0,
          "attributes": {
            "address_prefixes": [
              "10.31.0.0/24"
            ],
            "delegation": [
              {
                "name": "perftest-canadacentral-delegation",
                "service_delegation": [
                  {
                    "actions": [
                      "Microsoft.Network/virtualNetworks/subnets/action"
                    ],
                    "name": "Microsoft.ContainerInstance/containerGroups"
                  }
                ]
              }
            ],
            "enforce_private_link_endpoint_network_policies": false,
            "enforce_private_link_service_network_policies": false,
            "id": "/subscriptions/53990dba-8128-4100-bb6d-ed38861c9f8f/resourceGroups/btp-perftest-with-SAP/providers/Microsoft.Network/virtualNetworks/perftest-canadacentral-worker-vnet/subnets/perftest-canadacentral-worker-subnet",
            "name": "perftest-canadacentral-worker-subnet",
            "private_endpoint_network_policies_enabled": true,
            "private_link_service_network_policies_enabled": true,
            "resource_group_name": "btp-perftest-with-SAP",
            "service_endpoint_policy_ids": [],
            "service_endpoints": [],
            "timeouts": null,
            "virtual_network_name": "perftest-canadacentral-worker-vnet"
          },
          "sensitive_attributes": [],
          "private": "eyJlMmJmYjczMC1lY2FhLTExZTYtOGY4OC0zNDM2M2JjN2M0YzAiOnsiY3JlYXRlIjoxODAwMDAwMDAwMDAwLCJkZWxldGUiOjE4MDAwMDAwMDAwMDAsInJlYWQiOjMwMDAwMDAwMDAwMCwidXBkYXRlIjoxODAwMDAwMDAwMDAwfX0=",
          "dependencies": [
            "module.workers.azurerm_virtual_network.vnet"
          ]
        }
      ]
    },
    {
      "module": "module.workers[\"0\"]",
      "mode": "managed",
      "type": "azurerm_virtual_network",
      "name": "vnet",
      "provider": "provider[\"registry.terraform.io/hashicorp/azurerm\"]",
      "instances": [
        {
          "schema_version": 0,
          "attributes": {
            "address_space": [
              "10.31.0.0/16"
            ],
            "bgp_community": "",
            "ddos_protection_plan": [],
            "dns_servers": [],
            "edge_zone": "",
            "flow_timeout_in_minutes": 0,
            "guid": "5ad7c884-31fe-4c7d-af19-559122a0a7de",
            "id": "/subscriptions/53990dba-8128-4100-bb6d-ed38861c9f8f/resourceGroups/btp-perftest-with-SAP/providers/Microsoft.Network/virtualNetworks/perftest-canadacentral-worker-vnet",
            "location": "canadacentral",
            "name": "perftest-canadacentral-worker-vnet",
            "resource_group_name": "btp-perftest-with-SAP",
            "subnet": [
              {
                "address_prefix": "10.31.0.0/24",
                "id": "/subscriptions/53990dba-8128-4100-bb6d-ed38861c9f8f/resourceGroups/btp-perftest-with-SAP/providers/Microsoft.Network/virtualNetworks/perftest-canadacentral-worker-vnet/subnets/perftest-canadacentral-worker-subnet",
                "name": "perftest-canadacentral-worker-subnet",
                "security_group": ""
              }
            ],
            "tags": {},
            "timeouts": null
          },
          "sensitive_attributes": [],
          "private": "eyJlMmJmYjczMC1lY2FhLTExZTYtOGY4OC0zNDM2M2JjN2M0YzAiOnsiY3JlYXRlIjoxODAwMDAwMDAwMDAwLCJkZWxldGUiOjE4MDAwMDAwMDAwMDAsInJlYWQiOjMwMDAwMDAwMDAwMCwidXBkYXRlIjoxODAwMDAwMDAwMDAwfX0="
        }
      ]
    },
    {
      "module": "module.workers[\"0\"]",
      "mode": "managed",
      "type": "azurerm_virtual_network_peering",
      "name": "vnet_peering_controller",
      "provider": "provider[\"registry.terraform.io/hashicorp/azurerm\"]",
      "instances": [
        {
          "schema_version": 0,
          "attributes": {
            "allow_forwarded_traffic": false,
            "allow_gateway_transit": false,
            "allow_virtual_network_access": true,
            "id": "/subscriptions/53990dba-8128-4100-bb6d-ed38861c9f8f/resourceGroups/btp-perftest-with-SAP/providers/Microsoft.Network/virtualNetworks/perftest-canadacentral-vnet/virtualNetworkPeerings/perftest-canadacentral-controller-to-worker",
            "name": "perftest-canadacentral-controller-to-worker",
            "remote_virtual_network_id": "/subscriptions/53990dba-8128-4100-bb6d-ed38861c9f8f/resourceGroups/btp-perftest-with-SAP/providers/Microsoft.Network/virtualNetworks/perftest-canadacentral-worker-vnet",
            "resource_group_name": "btp-perftest-with-SAP",
            "timeouts": null,
            "triggers": null,
            "use_remote_gateways": false,
            "virtual_network_name": "perftest-canadacentral-vnet"
          },
          "sensitive_attributes": [],
          "private": "eyJlMmJmYjczMC1lY2FhLTExZTYtOGY4OC0zNDM2M2JjN2M0YzAiOnsiY3JlYXRlIjoxODAwMDAwMDAwMDAwLCJkZWxldGUiOjE4MDAwMDAwMDAwMDAsInJlYWQiOjMwMDAwMDAwMDAwMCwidXBkYXRlIjoxODAwMDAwMDAwMDAwfX0=",
          "dependencies": [
            "module.workers.azurerm_virtual_network.vnet"
          ]
        }
      ]
    },
    {
      "module": "module.workers[\"0\"]",
      "mode": "managed",
      "type": "azurerm_virtual_network_peering",
      "name": "vnet_peering_worker",
      "provider": "provider[\"registry.terraform.io/hashicorp/azurerm\"]",
      "instances": [
        {
          "schema_version": 0,
          "attributes": {
            "allow_forwarded_traffic": false,
            "allow_gateway_transit": false,
            "allow_virtual_network_access": true,
            "id": "/subscriptions/53990dba-8128-4100-bb6d-ed38861c9f8f/resourceGroups/btp-perftest-with-SAP/providers/Microsoft.Network/virtualNetworks/perftest-canadacentral-worker-vnet/virtualNetworkPeerings/perftest-canadacentral-worker-to-controller",
            "name": "perftest-canadacentral-worker-to-controller",
            "remote_virtual_network_id": "/subscriptions/53990dba-8128-4100-bb6d-ed38861c9f8f/resourceGroups/btp-perftest-with-SAP/providers/Microsoft.Network/virtualNetworks/perftest-canadacentral-vnet",
            "resource_group_name": "btp-perftest-with-SAP",
            "timeouts": null,
            "triggers": null,
            "use_remote_gateways": false,
            "virtual_network_name": "perftest-canadacentral-worker-vnet"
          },
          "sensitive_attributes": [],
          "private": "eyJlMmJmYjczMC1lY2FhLTExZTYtOGY4OC0zNDM2M2JjN2M0YzAiOnsiY3JlYXRlIjoxODAwMDAwMDAwMDAwLCJkZWxldGUiOjE4MDAwMDAwMDAwMDAsInJlYWQiOjMwMDAwMDAwMDAwMCwidXBkYXRlIjoxODAwMDAwMDAwMDAwfX0=",
          "dependencies": [
            "module.controller.azurerm_virtual_network.vnet",
            "module.workers.azurerm_virtual_network.vnet"
          ]
        }
      ]
    },
    {
      "module": "module.workers[\"1\"]",
      "mode": "managed",
      "type": "azurerm_container_group",
      "name": "worker",
      "provider": "provider[\"registry.terraform.io/hashicorp/azurerm\"]",
      "instances": [
        {
          "schema_version": 0,
          "attributes": {
            "container": [
              {
                "commands": [],
                "cpu": 2,
                "cpu_limit": 0,
                "environment_variables": {},
                "gpu": [],
                "gpu_limit": [],
                "image": "ghcr.io/kshanth/jmeter_worker:latest",
                "liveness_probe": [],
                "memory": 8,
                "memory_limit": 0,
                "name": "perftest-worker",
                "ports": [
                  {
                    "port": 1099,
                    "protocol": "TCP"
                  },
                  {
                    "port": 50000,
                    "protocol": "TCP"
                  }
                ],
                "readiness_probe": [],
                "secure_environment_variables": {},
                "volume": []
              }
            ],
            "diagnostics": [],
            "dns_config": [],
            "dns_name_label": "",
            "dns_name_label_reuse_policy": "Unsecure",
            "exposed_port": [
              {
                "port": 1099,
                "protocol": "TCP"
              },
              {
                "port": 50000,
                "protocol": "TCP"
              }
            ],
            "fqdn": "",
            "id": "/subscriptions/53990dba-8128-4100-bb6d-ed38861c9f8f/resourceGroups/btp-perftest-with-SAP/providers/Microsoft.ContainerInstance/containerGroups/perftest-canadaeast-worker",
            "identity": [],
            "image_registry_credential": [],
            "init_container": [],
            "ip_address": "10.32.0.4",
            "ip_address_type": "Private",
            "key_vault_key_id": null,
            "location": "canadaeast",
            "name": "perftest-canadaeast-worker",
            "network_profile_id": null,
            "os_type": "Linux",
            "resource_group_name": "btp-perftest-with-SAP",
            "restart_policy": "Never",
            "subnet_ids": [
              "/subscriptions/53990dba-8128-4100-bb6d-ed38861c9f8f/resourceGroups/btp-perftest-with-SAP/providers/Microsoft.Network/virtualNetworks/perftest-canadaeast-worker-vnet/subnets/perftest-canadaeast-worker-subnet"
            ],
            "tags": {},
            "timeouts": null,
            "zones": []
          },
          "sensitive_attributes": [],
          "private": "eyJlMmJmYjczMC1lY2FhLTExZTYtOGY4OC0zNDM2M2JjN2M0YzAiOnsiY3JlYXRlIjoxODAwMDAwMDAwMDAwLCJkZWxldGUiOjE4MDAwMDAwMDAwMDAsInJlYWQiOjMwMDAwMDAwMDAwMCwidXBkYXRlIjoxODAwMDAwMDAwMDAwfX0=",
          "dependencies": [
            "module.workers.azurerm_subnet.subnet",
            "module.workers.azurerm_virtual_network.vnet"
          ]
        }
      ]
    },
    {
      "module": "module.workers[\"1\"]",
      "mode": "managed",
      "type": "azurerm_subnet",
      "name": "subnet",
      "provider": "provider[\"registry.terraform.io/hashicorp/azurerm\"]",
      "instances": [
        {
          "schema_version": 0,
          "attributes": {
            "address_prefixes": [
              "10.32.0.0/24"
            ],
            "delegation": [
              {
                "name": "perftest-canadaeast-delegation",
                "service_delegation": [
                  {
                    "actions": [
                      "Microsoft.Network/virtualNetworks/subnets/action"
                    ],
                    "name": "Microsoft.ContainerInstance/containerGroups"
                  }
                ]
              }
            ],
            "enforce_private_link_endpoint_network_policies": false,
            "enforce_private_link_service_network_policies": false,
            "id": "/subscriptions/53990dba-8128-4100-bb6d-ed38861c9f8f/resourceGroups/btp-perftest-with-SAP/providers/Microsoft.Network/virtualNetworks/perftest-canadaeast-worker-vnet/subnets/perftest-canadaeast-worker-subnet",
            "name": "perftest-canadaeast-worker-subnet",
            "private_endpoint_network_policies_enabled": true,
            "private_link_service_network_policies_enabled": true,
            "resource_group_name": "btp-perftest-with-SAP",
            "service_endpoint_policy_ids": [],
            "service_endpoints": [],
            "timeouts": null,
            "virtual_network_name": "perftest-canadaeast-worker-vnet"
          },
          "sensitive_attributes": [],
          "private": "eyJlMmJmYjczMC1lY2FhLTExZTYtOGY4OC0zNDM2M2JjN2M0YzAiOnsiY3JlYXRlIjoxODAwMDAwMDAwMDAwLCJkZWxldGUiOjE4MDAwMDAwMDAwMDAsInJlYWQiOjMwMDAwMDAwMDAwMCwidXBkYXRlIjoxODAwMDAwMDAwMDAwfX0=",
          "dependencies": [
            "module.workers.azurerm_virtual_network.vnet"
          ]
        }
      ]
    },
    {
      "module": "module.workers[\"1\"]",
      "mode": "managed",
      "type": "azurerm_virtual_network",
      "name": "vnet",
      "provider": "provider[\"registry.terraform.io/hashicorp/azurerm\"]",
      "instances": [
        {
          "schema_version": 0,
          "attributes": {
            "address_space": [
              "10.32.0.0/16"
            ],
            "bgp_community": "",
            "ddos_protection_plan": [],
            "dns_servers": [],
            "edge_zone": "",
            "flow_timeout_in_minutes": 0,
            "guid": "a2fd1c51-f6a0-4547-a7aa-5986906b5f5a",
            "id": "/subscriptions/53990dba-8128-4100-bb6d-ed38861c9f8f/resourceGroups/btp-perftest-with-SAP/providers/Microsoft.Network/virtualNetworks/perftest-canadaeast-worker-vnet",
            "location": "canadaeast",
            "name": "perftest-canadaeast-worker-vnet",
            "resource_group_name": "btp-perftest-with-SAP",
            "subnet": [
              {
                "address_prefix": "10.32.0.0/24",
                "id": "/subscriptions/53990dba-8128-4100-bb6d-ed38861c9f8f/resourceGroups/btp-perftest-with-SAP/providers/Microsoft.Network/virtualNetworks/perftest-canadaeast-worker-vnet/subnets/perftest-canadaeast-worker-subnet",
                "name": "perftest-canadaeast-worker-subnet",
                "security_group": ""
              }
            ],
            "tags": {},
            "timeouts": null
          },
          "sensitive_attributes": [],
          "private": "eyJlMmJmYjczMC1lY2FhLTExZTYtOGY4OC0zNDM2M2JjN2M0YzAiOnsiY3JlYXRlIjoxODAwMDAwMDAwMDAwLCJkZWxldGUiOjE4MDAwMDAwMDAwMDAsInJlYWQiOjMwMDAwMDAwMDAwMCwidXBkYXRlIjoxODAwMDAwMDAwMDAwfX0="
        }
      ]
    },
    {
      "module": "module.workers[\"1\"]",
      "mode": "managed",
      "type": "azurerm_virtual_network_peering",
      "name": "vnet_peering_controller",
      "provider": "provider[\"registry.terraform.io/hashicorp/azurerm\"]",
      "instances": [
        {
          "schema_version": 0,
          "attributes": {
            "allow_forwarded_traffic": false,
            "allow_gateway_transit": false,
            "allow_virtual_network_access": true,
            "id": "/subscriptions/53990dba-8128-4100-bb6d-ed38861c9f8f/resourceGroups/btp-perftest-with-SAP/providers/Microsoft.Network/virtualNetworks/perftest-canadacentral-vnet/virtualNetworkPeerings/perftest-canadaeast-controller-to-worker",
            "name": "perftest-canadaeast-controller-to-worker",
            "remote_virtual_network_id": "/subscriptions/53990dba-8128-4100-bb6d-ed38861c9f8f/resourceGroups/btp-perftest-with-SAP/providers/Microsoft.Network/virtualNetworks/perftest-canadaeast-worker-vnet",
            "resource_group_name": "btp-perftest-with-SAP",
            "timeouts": null,
            "triggers": null,
            "use_remote_gateways": false,
            "virtual_network_name": "perftest-canadacentral-vnet"
          },
          "sensitive_attributes": [],
          "private": "eyJlMmJmYjczMC1lY2FhLTExZTYtOGY4OC0zNDM2M2JjN2M0YzAiOnsiY3JlYXRlIjoxODAwMDAwMDAwMDAwLCJkZWxldGUiOjE4MDAwMDAwMDAwMDAsInJlYWQiOjMwMDAwMDAwMDAwMCwidXBkYXRlIjoxODAwMDAwMDAwMDAwfX0=",
          "dependencies": [
            "module.workers.azurerm_virtual_network.vnet"
          ]
        }
      ]
    },
    {
      "module": "module.workers[\"1\"]",
      "mode": "managed",
      "type": "azurerm_virtual_network_peering",
      "name": "vnet_peering_worker",
      "provider": "provider[\"registry.terraform.io/hashicorp/azurerm\"]",
      "instances": [
        {
          "schema_version": 0,
          "attributes": {
            "allow_forwarded_traffic": false,
            "allow_gateway_transit": false,
            "allow_virtual_network_access": true,
            "id": "/subscriptions/53990dba-8128-4100-bb6d-ed38861c9f8f/resourceGroups/btp-perftest-with-SAP/providers/Microsoft.Network/virtualNetworks/perftest-canadaeast-worker-vnet/virtualNetworkPeerings/perftest-canadaeast-worker-to-controller",
            "name": "perftest-canadaeast-worker-to-controller",
            "remote_virtual_network_id": "/subscriptions/53990dba-8128-4100-bb6d-ed38861c9f8f/resourceGroups/btp-perftest-with-SAP/providers/Microsoft.Network/virtualNetworks/perftest-canadacentral-vnet",
            "resource_group_name": "btp-perftest-with-SAP",
            "timeouts": null,
            "triggers": null,
            "use_remote_gateways": false,
            "virtual_network_name": "perftest-canadaeast-worker-vnet"
          },
          "sensitive_attributes": [],
          "private": "eyJlMmJmYjczMC1lY2FhLTExZTYtOGY4OC0zNDM2M2JjN2M0YzAiOnsiY3JlYXRlIjoxODAwMDAwMDAwMDAwLCJkZWxldGUiOjE4MDAwMDAwMDAwMDAsInJlYWQiOjMwMDAwMDAwMDAwMCwidXBkYXRlIjoxODAwMDAwMDAwMDAwfX0=",
          "dependencies": [
            "module.controller.azurerm_virtual_network.vnet",
            "module.workers.azurerm_virtual_network.vnet"
          ]
        }
      ]
    },
    {
      "module": "module.workers[\"2\"]",
      "mode": "managed",
      "type": "azurerm_container_group",
      "name": "worker",
      "provider": "provider[\"registry.terraform.io/hashicorp/azurerm\"]",
      "instances": [
        {
          "schema_version": 0,
          "attributes": {
            "container": [
              {
                "commands": [],
                "cpu": 2,
                "cpu_limit": 0,
                "environment_variables": {},
                "gpu": [],
                "gpu_limit": [],
                "image": "ghcr.io/kshanth/jmeter_worker:latest",
                "liveness_probe": [],
                "memory": 8,
                "memory_limit": 0,
                "name": "perftest-worker",
                "ports": [
                  {
                    "port": 1099,
                    "protocol": "TCP"
                  },
                  {
                    "port": 50000,
                    "protocol": "TCP"
                  }
                ],
                "readiness_probe": [],
                "secure_environment_variables": {},
                "volume": []
              }
            ],
            "diagnostics": [],
            "dns_config": [],
            "dns_name_label": "",
            "dns_name_label_reuse_policy": "Unsecure",
            "exposed_port": [
              {
                "port": 1099,
                "protocol": "TCP"
              },
              {
                "port": 50000,
                "protocol": "TCP"
              }
            ],
            "fqdn": "",
            "id": "/subscriptions/53990dba-8128-4100-bb6d-ed38861c9f8f/resourceGroups/btp-perftest-with-SAP/providers/Microsoft.ContainerInstance/containerGroups/perftest-eastus2-worker",
            "identity": [],
            "image_registry_credential": [],
            "init_container": [],
            "ip_address": "10.33.0.4",
            "ip_address_type": "Private",
            "key_vault_key_id": null,
            "location": "eastus2",
            "name": "perftest-eastus2-worker",
            "network_profile_id": null,
            "os_type": "Linux",
            "resource_group_name": "btp-perftest-with-SAP",
            "restart_policy": "Never",
            "subnet_ids": [
              "/subscriptions/53990dba-8128-4100-bb6d-ed38861c9f8f/resourceGroups/btp-perftest-with-SAP/providers/Microsoft.Network/virtualNetworks/perftest-eastus2-worker-vnet/subnets/perftest-eastus2-worker-subnet"
            ],
            "tags": {},
            "timeouts": null,
            "zones": []
          },
          "sensitive_attributes": [],
          "private": "eyJlMmJmYjczMC1lY2FhLTExZTYtOGY4OC0zNDM2M2JjN2M0YzAiOnsiY3JlYXRlIjoxODAwMDAwMDAwMDAwLCJkZWxldGUiOjE4MDAwMDAwMDAwMDAsInJlYWQiOjMwMDAwMDAwMDAwMCwidXBkYXRlIjoxODAwMDAwMDAwMDAwfX0=",
          "dependencies": [
            "module.workers.azurerm_subnet.subnet",
            "module.workers.azurerm_virtual_network.vnet"
          ]
        }
      ]
    },
    {
      "module": "module.workers[\"2\"]",
      "mode": "managed",
      "type": "azurerm_subnet",
      "name": "subnet",
      "provider": "provider[\"registry.terraform.io/hashicorp/azurerm\"]",
      "instances": [
        {
          "schema_version": 0,
          "attributes": {
            "address_prefixes": [
              "10.33.0.0/24"
            ],
            "delegation": [
              {
                "name": "perftest-eastus2-delegation",
                "service_delegation": [
                  {
                    "actions": [
                      "Microsoft.Network/virtualNetworks/subnets/action"
                    ],
                    "name": "Microsoft.ContainerInstance/containerGroups"
                  }
                ]
              }
            ],
            "enforce_private_link_endpoint_network_policies": false,
            "enforce_private_link_service_network_policies": false,
            "id": "/subscriptions/53990dba-8128-4100-bb6d-ed38861c9f8f/resourceGroups/btp-perftest-with-SAP/providers/Microsoft.Network/virtualNetworks/perftest-eastus2-worker-vnet/subnets/perftest-eastus2-worker-subnet",
            "name": "perftest-eastus2-worker-subnet",
            "private_endpoint_network_policies_enabled": true,
            "private_link_service_network_policies_enabled": true,
            "resource_group_name": "btp-perftest-with-SAP",
            "service_endpoint_policy_ids": [],
            "service_endpoints": [],
            "timeouts": null,
            "virtual_network_name": "perftest-eastus2-worker-vnet"
          },
          "sensitive_attributes": [],
          "private": "eyJlMmJmYjczMC1lY2FhLTExZTYtOGY4OC0zNDM2M2JjN2M0YzAiOnsiY3JlYXRlIjoxODAwMDAwMDAwMDAwLCJkZWxldGUiOjE4MDAwMDAwMDAwMDAsInJlYWQiOjMwMDAwMDAwMDAwMCwidXBkYXRlIjoxODAwMDAwMDAwMDAwfX0=",
          "dependencies": [
            "module.workers.azurerm_virtual_network.vnet"
          ]
        }
      ]
    },
    {
      "module": "module.workers[\"2\"]",
      "mode": "managed",
      "type": "azurerm_virtual_network",
      "name": "vnet",
      "provider": "provider[\"registry.terraform.io/hashicorp/azurerm\"]",
      "instances": [
        {
          "schema_version": 0,
          "attributes": {
            "address_space": [
              "10.33.0.0/16"
            ],
            "bgp_community": "",
            "ddos_protection_plan": [],
            "dns_servers": [],
            "edge_zone": "",
            "flow_timeout_in_minutes": 0,
            "guid": "55eb447f-741d-422d-a85c-96cb1b2c505e",
            "id": "/subscriptions/53990dba-8128-4100-bb6d-ed38861c9f8f/resourceGroups/btp-perftest-with-SAP/providers/Microsoft.Network/virtualNetworks/perftest-eastus2-worker-vnet",
            "location": "eastus2",
            "name": "perftest-eastus2-worker-vnet",
            "resource_group_name": "btp-perftest-with-SAP",
            "subnet": [
              {
                "address_prefix": "10.33.0.0/24",
                "id": "/subscriptions/53990dba-8128-4100-bb6d-ed38861c9f8f/resourceGroups/btp-perftest-with-SAP/providers/Microsoft.Network/virtualNetworks/perftest-eastus2-worker-vnet/subnets/perftest-eastus2-worker-subnet",
                "name": "perftest-eastus2-worker-subnet",
                "security_group": ""
              }
            ],
            "tags": {},
            "timeouts": null
          },
          "sensitive_attributes": [],
          "private": "eyJlMmJmYjczMC1lY2FhLTExZTYtOGY4OC0zNDM2M2JjN2M0YzAiOnsiY3JlYXRlIjoxODAwMDAwMDAwMDAwLCJkZWxldGUiOjE4MDAwMDAwMDAwMDAsInJlYWQiOjMwMDAwMDAwMDAwMCwidXBkYXRlIjoxODAwMDAwMDAwMDAwfX0="
        }
      ]
    },
    {
      "module": "module.workers[\"2\"]",
      "mode": "managed",
      "type": "azurerm_virtual_network_peering",
      "name": "vnet_peering_controller",
      "provider": "provider[\"registry.terraform.io/hashicorp/azurerm\"]",
      "instances": [
        {
          "schema_version": 0,
          "attributes": {
            "allow_forwarded_traffic": false,
            "allow_gateway_transit": false,
            "allow_virtual_network_access": true,
            "id": "/subscriptions/53990dba-8128-4100-bb6d-ed38861c9f8f/resourceGroups/btp-perftest-with-SAP/providers/Microsoft.Network/virtualNetworks/perftest-canadacentral-vnet/virtualNetworkPeerings/perftest-eastus2-controller-to-worker",
            "name": "perftest-eastus2-controller-to-worker",
            "remote_virtual_network_id": "/subscriptions/53990dba-8128-4100-bb6d-ed38861c9f8f/resourceGroups/btp-perftest-with-SAP/providers/Microsoft.Network/virtualNetworks/perftest-eastus2-worker-vnet",
            "resource_group_name": "btp-perftest-with-SAP",
            "timeouts": null,
            "triggers": null,
            "use_remote_gateways": false,
            "virtual_network_name": "perftest-canadacentral-vnet"
          },
          "sensitive_attributes": [],
          "private": "eyJlMmJmYjczMC1lY2FhLTExZTYtOGY4OC0zNDM2M2JjN2M0YzAiOnsiY3JlYXRlIjoxODAwMDAwMDAwMDAwLCJkZWxldGUiOjE4MDAwMDAwMDAwMDAsInJlYWQiOjMwMDAwMDAwMDAwMCwidXBkYXRlIjoxODAwMDAwMDAwMDAwfX0=",
          "dependencies": [
            "module.workers.azurerm_virtual_network.vnet"
          ]
        }
      ]
    },
    {
      "module": "module.workers[\"2\"]",
      "mode": "managed",
      "type": "azurerm_virtual_network_peering",
      "name": "vnet_peering_worker",
      "provider": "provider[\"registry.terraform.io/hashicorp/azurerm\"]",
      "instances": [
        {
          "schema_version": 0,
          "attributes": {
            "allow_forwarded_traffic": false,
            "allow_gateway_transit": false,
            "allow_virtual_network_access": true,
            "id": "/subscriptions/53990dba-8128-4100-bb6d-ed38861c9f8f/resourceGroups/btp-perftest-with-SAP/providers/Microsoft.Network/virtualNetworks/perftest-eastus2-worker-vnet/virtualNetworkPeerings/perftest-eastus2-worker-to-controller",
            "name": "perftest-eastus2-worker-to-controller",
            "remote_virtual_network_id": "/subscriptions/53990dba-8128-4100-bb6d-ed38861c9f8f/resourceGroups/btp-perftest-with-SAP/providers/Microsoft.Network/virtualNetworks/perftest-canadacentral-vnet",
            "resource_group_name": "btp-perftest-with-SAP",
            "timeouts": null,
            "triggers": null,
            "use_remote_gateways": false,
            "virtual_network_name": "perftest-eastus2-worker-vnet"
          },
          "sensitive_attributes": [],
          "private": "eyJlMmJmYjczMC1lY2FhLTExZTYtOGY4OC0zNDM2M2JjN2M0YzAiOnsiY3JlYXRlIjoxODAwMDAwMDAwMDAwLCJkZWxldGUiOjE4MDAwMDAwMDAwMDAsInJlYWQiOjMwMDAwMDAwMDAwMCwidXBkYXRlIjoxODAwMDAwMDAwMDAwfX0=",
          "dependencies": [
            "module.controller.azurerm_virtual_network.vnet",
            "module.workers.azurerm_virtual_network.vnet"
          ]
        }
      ]
    },
    {
      "module": "module.workers[\"3\"]",
      "mode": "managed",
      "type": "azurerm_container_group",
      "name": "worker",
      "provider": "provider[\"registry.terraform.io/hashicorp/azurerm\"]",
      "instances": [
        {
          "schema_version": 0,
          "attributes": {
            "container": [
              {
                "commands": [],
                "cpu": 2,
                "cpu_limit": 0,
                "environment_variables": {},
                "gpu": [],
                "gpu_limit": [],
                "image": "ghcr.io/kshanth/jmeter_worker:latest",
                "liveness_probe": [],
                "memory": 8,
                "memory_limit": 0,
                "name": "perftest-worker",
                "ports": [
                  {
                    "port": 1099,
                    "protocol": "TCP"
                  },
                  {
                    "port": 50000,
                    "protocol": "TCP"
                  }
                ],
                "readiness_probe": [],
                "secure_environment_variables": {},
                "volume": []
              }
            ],
            "diagnostics": [],
            "dns_config": [],
            "dns_name_label": "",
            "dns_name_label_reuse_policy": "Unsecure",
            "exposed_port": [
              {
                "port": 1099,
                "protocol": "TCP"
              },
              {
                "port": 50000,
                "protocol": "TCP"
              }
            ],
            "fqdn": "",
            "id": "/subscriptions/53990dba-8128-4100-bb6d-ed38861c9f8f/resourceGroups/btp-perftest-with-SAP/providers/Microsoft.ContainerInstance/containerGroups/perftest-southcentralus-worker",
            "identity": [],
            "image_registry_credential": [],
            "init_container": [],
            "ip_address": "10.34.0.4",
            "ip_address_type": "Private",
            "key_vault_key_id": null,
            "location": "southcentralus",
            "name": "perftest-southcentralus-worker",
            "network_profile_id": null,
            "os_type": "Linux",
            "resource_group_name": "btp-perftest-with-SAP",
            "restart_policy": "Never",
            "subnet_ids": [
              "/subscriptions/53990dba-8128-4100-bb6d-ed38861c9f8f/resourceGroups/btp-perftest-with-SAP/providers/Microsoft.Network/virtualNetworks/perftest-southcentralus-worker-vnet/subnets/perftest-southcentralus-worker-subnet"
            ],
            "tags": {},
            "timeouts": null,
            "zones": []
          },
          "sensitive_attributes": [],
          "private": "eyJlMmJmYjczMC1lY2FhLTExZTYtOGY4OC0zNDM2M2JjN2M0YzAiOnsiY3JlYXRlIjoxODAwMDAwMDAwMDAwLCJkZWxldGUiOjE4MDAwMDAwMDAwMDAsInJlYWQiOjMwMDAwMDAwMDAwMCwidXBkYXRlIjoxODAwMDAwMDAwMDAwfX0=",
          "dependencies": [
            "module.workers.azurerm_subnet.subnet",
            "module.workers.azurerm_virtual_network.vnet"
          ]
        }
      ]
    },
    {
      "module": "module.workers[\"3\"]",
      "mode": "managed",
      "type": "azurerm_subnet",
      "name": "subnet",
      "provider": "provider[\"registry.terraform.io/hashicorp/azurerm\"]",
      "instances": [
        {
          "schema_version": 0,
          "attributes": {
            "address_prefixes": [
              "10.34.0.0/24"
            ],
            "delegation": [
              {
                "name": "perftest-southcentralus-delegation",
                "service_delegation": [
                  {
                    "actions": [
                      "Microsoft.Network/virtualNetworks/subnets/action"
                    ],
                    "name": "Microsoft.ContainerInstance/containerGroups"
                  }
                ]
              }
            ],
            "enforce_private_link_endpoint_network_policies": false,
            "enforce_private_link_service_network_policies": false,
            "id": "/subscriptions/53990dba-8128-4100-bb6d-ed38861c9f8f/resourceGroups/btp-perftest-with-SAP/providers/Microsoft.Network/virtualNetworks/perftest-southcentralus-worker-vnet/subnets/perftest-southcentralus-worker-subnet",
            "name": "perftest-southcentralus-worker-subnet",
            "private_endpoint_network_policies_enabled": true,
            "private_link_service_network_policies_enabled": true,
            "resource_group_name": "btp-perftest-with-SAP",
            "service_endpoint_policy_ids": [],
            "service_endpoints": [],
            "timeouts": null,
            "virtual_network_name": "perftest-southcentralus-worker-vnet"
          },
          "sensitive_attributes": [],
          "private": "eyJlMmJmYjczMC1lY2FhLTExZTYtOGY4OC0zNDM2M2JjN2M0YzAiOnsiY3JlYXRlIjoxODAwMDAwMDAwMDAwLCJkZWxldGUiOjE4MDAwMDAwMDAwMDAsInJlYWQiOjMwMDAwMDAwMDAwMCwidXBkYXRlIjoxODAwMDAwMDAwMDAwfX0=",
          "dependencies": [
            "module.workers.azurerm_virtual_network.vnet"
          ]
        }
      ]
    },
    {
      "module": "module.workers[\"3\"]",
      "mode": "managed",
      "type": "azurerm_virtual_network",
      "name": "vnet",
      "provider": "provider[\"registry.terraform.io/hashicorp/azurerm\"]",
      "instances": [
        {
          "schema_version": 0,
          "attributes": {
            "address_space": [
              "10.34.0.0/16"
            ],
            "bgp_community": "",
            "ddos_protection_plan": [],
            "dns_servers": [],
            "edge_zone": "",
            "flow_timeout_in_minutes": 0,
            "guid": "a2d4af47-855e-4525-9f06-585d80183d7b",
            "id": "/subscriptions/53990dba-8128-4100-bb6d-ed38861c9f8f/resourceGroups/btp-perftest-with-SAP/providers/Microsoft.Network/virtualNetworks/perftest-southcentralus-worker-vnet",
            "location": "southcentralus",
            "name": "perftest-southcentralus-worker-vnet",
            "resource_group_name": "btp-perftest-with-SAP",
            "subnet": [
              {
                "address_prefix": "10.34.0.0/24",
                "id": "/subscriptions/53990dba-8128-4100-bb6d-ed38861c9f8f/resourceGroups/btp-perftest-with-SAP/providers/Microsoft.Network/virtualNetworks/perftest-southcentralus-worker-vnet/subnets/perftest-southcentralus-worker-subnet",
                "name": "perftest-southcentralus-worker-subnet",
                "security_group": ""
              }
            ],
            "tags": {},
            "timeouts": null
          },
          "sensitive_attributes": [],
          "private": "eyJlMmJmYjczMC1lY2FhLTExZTYtOGY4OC0zNDM2M2JjN2M0YzAiOnsiY3JlYXRlIjoxODAwMDAwMDAwMDAwLCJkZWxldGUiOjE4MDAwMDAwMDAwMDAsInJlYWQiOjMwMDAwMDAwMDAwMCwidXBkYXRlIjoxODAwMDAwMDAwMDAwfX0="
        }
      ]
    },
    {
      "module": "module.workers[\"3\"]",
      "mode": "managed",
      "type": "azurerm_virtual_network_peering",
      "name": "vnet_peering_controller",
      "provider": "provider[\"registry.terraform.io/hashicorp/azurerm\"]",
      "instances": [
        {
          "schema_version": 0,
          "attributes": {
            "allow_forwarded_traffic": false,
            "allow_gateway_transit": false,
            "allow_virtual_network_access": true,
            "id": "/subscriptions/53990dba-8128-4100-bb6d-ed38861c9f8f/resourceGroups/btp-perftest-with-SAP/providers/Microsoft.Network/virtualNetworks/perftest-canadacentral-vnet/virtualNetworkPeerings/perftest-southcentralus-controller-to-worker",
            "name": "perftest-southcentralus-controller-to-worker",
            "remote_virtual_network_id": "/subscriptions/53990dba-8128-4100-bb6d-ed38861c9f8f/resourceGroups/btp-perftest-with-SAP/providers/Microsoft.Network/virtualNetworks/perftest-southcentralus-worker-vnet",
            "resource_group_name": "btp-perftest-with-SAP",
            "timeouts": null,
            "triggers": null,
            "use_remote_gateways": false,
            "virtual_network_name": "perftest-canadacentral-vnet"
          },
          "sensitive_attributes": [],
          "private": "eyJlMmJmYjczMC1lY2FhLTExZTYtOGY4OC0zNDM2M2JjN2M0YzAiOnsiY3JlYXRlIjoxODAwMDAwMDAwMDAwLCJkZWxldGUiOjE4MDAwMDAwMDAwMDAsInJlYWQiOjMwMDAwMDAwMDAwMCwidXBkYXRlIjoxODAwMDAwMDAwMDAwfX0=",
          "dependencies": [
            "module.workers.azurerm_virtual_network.vnet"
          ]
        }
      ]
    },
    {
      "module": "module.workers[\"3\"]",
      "mode": "managed",
      "type": "azurerm_virtual_network_peering",
      "name": "vnet_peering_worker",
      "provider": "provider[\"registry.terraform.io/hashicorp/azurerm\"]",
      "instances": [
        {
          "schema_version": 0,
          "attributes": {
            "allow_forwarded_traffic": false,
            "allow_gateway_transit": false,
            "allow_virtual_network_access": true,
            "id": "/subscriptions/53990dba-8128-4100-bb6d-ed38861c9f8f/resourceGroups/btp-perftest-with-SAP/providers/Microsoft.Network/virtualNetworks/perftest-southcentralus-worker-vnet/virtualNetworkPeerings/perftest-southcentralus-worker-to-controller",
            "name": "perftest-southcentralus-worker-to-controller",
            "remote_virtual_network_id": "/subscriptions/53990dba-8128-4100-bb6d-ed38861c9f8f/resourceGroups/btp-perftest-with-SAP/providers/Microsoft.Network/virtualNetworks/perftest-canadacentral-vnet",
            "resource_group_name": "btp-perftest-with-SAP",
            "timeouts": null,
            "triggers": null,
            "use_remote_gateways": false,
            "virtual_network_name": "perftest-southcentralus-worker-vnet"
          },
          "sensitive_attributes": [],
          "private": "eyJlMmJmYjczMC1lY2FhLTExZTYtOGY4OC0zNDM2M2JjN2M0YzAiOnsiY3JlYXRlIjoxODAwMDAwMDAwMDAwLCJkZWxldGUiOjE4MDAwMDAwMDAwMDAsInJlYWQiOjMwMDAwMDAwMDAwMCwidXBkYXRlIjoxODAwMDAwMDAwMDAwfX0=",
          "dependencies": [
            "module.controller.azurerm_virtual_network.vnet",
            "module.workers.azurerm_virtual_network.vnet"
          ]
        }
      ]
    },
    {
      "module": "module.workers[\"4\"]",
      "mode": "managed",
      "type": "azurerm_container_group",
      "name": "worker",
      "provider": "provider[\"registry.terraform.io/hashicorp/azurerm\"]",
      "instances": [
        {
          "schema_version": 0,
          "attributes": {
            "container": [
              {
                "commands": [],
                "cpu": 2,
                "cpu_limit": 0,
                "environment_variables": {},
                "gpu": [],
                "gpu_limit": [],
                "image": "ghcr.io/kshanth/jmeter_worker:latest",
                "liveness_probe": [],
                "memory": 8,
                "memory_limit": 0,
                "name": "perftest-worker",
                "ports": [
                  {
                    "port": 1099,
                    "protocol": "TCP"
                  },
                  {
                    "port": 50000,
                    "protocol": "TCP"
                  }
                ],
                "readiness_probe": [],
                "secure_environment_variables": {},
                "volume": []
              }
            ],
            "diagnostics": [],
            "dns_config": [],
            "dns_name_label": "",
            "dns_name_label_reuse_policy": "Unsecure",
            "exposed_port": [
              {
                "port": 1099,
                "protocol": "TCP"
              },
              {
                "port": 50000,
                "protocol": "TCP"
              }
            ],
            "fqdn": "",
            "id": "/subscriptions/53990dba-8128-4100-bb6d-ed38861c9f8f/resourceGroups/btp-perftest-with-SAP/providers/Microsoft.ContainerInstance/containerGroups/perftest-westus2-worker",
            "identity": [],
            "image_registry_credential": [],
            "init_container": [],
            "ip_address": "10.35.0.4",
            "ip_address_type": "Private",
            "key_vault_key_id": null,
            "location": "westus2",
            "name": "perftest-westus2-worker",
            "network_profile_id": null,
            "os_type": "Linux",
            "resource_group_name": "btp-perftest-with-SAP",
            "restart_policy": "Never",
            "subnet_ids": [
              "/subscriptions/53990dba-8128-4100-bb6d-ed38861c9f8f/resourceGroups/btp-perftest-with-SAP/providers/Microsoft.Network/virtualNetworks/perftest-westus2-worker-vnet/subnets/perftest-westus2-worker-subnet"
            ],
            "tags": {},
            "timeouts": null,
            "zones": []
          },
          "sensitive_attributes": [],
          "private": "eyJlMmJmYjczMC1lY2FhLTExZTYtOGY4OC0zNDM2M2JjN2M0YzAiOnsiY3JlYXRlIjoxODAwMDAwMDAwMDAwLCJkZWxldGUiOjE4MDAwMDAwMDAwMDAsInJlYWQiOjMwMDAwMDAwMDAwMCwidXBkYXRlIjoxODAwMDAwMDAwMDAwfX0=",
          "dependencies": [
            "module.workers.azurerm_subnet.subnet",
            "module.workers.azurerm_virtual_network.vnet"
          ]
        }
      ]
    },
    {
      "module": "module.workers[\"4\"]",
      "mode": "managed",
      "type": "azurerm_subnet",
      "name": "subnet",
      "provider": "provider[\"registry.terraform.io/hashicorp/azurerm\"]",
      "instances": [
        {
          "schema_version": 0,
          "attributes": {
            "address_prefixes": [
              "10.35.0.0/24"
            ],
            "delegation": [
              {
                "name": "perftest-westus2-delegation",
                "service_delegation": [
                  {
                    "actions": [
                      "Microsoft.Network/virtualNetworks/subnets/action"
                    ],
                    "name": "Microsoft.ContainerInstance/containerGroups"
                  }
                ]
              }
            ],
            "enforce_private_link_endpoint_network_policies": false,
            "enforce_private_link_service_network_policies": false,
            "id": "/subscriptions/53990dba-8128-4100-bb6d-ed38861c9f8f/resourceGroups/btp-perftest-with-SAP/providers/Microsoft.Network/virtualNetworks/perftest-westus2-worker-vnet/subnets/perftest-westus2-worker-subnet",
            "name": "perftest-westus2-worker-subnet",
            "private_endpoint_network_policies_enabled": true,
            "private_link_service_network_policies_enabled": true,
            "resource_group_name": "btp-perftest-with-SAP",
            "service_endpoint_policy_ids": [],
            "service_endpoints": [],
            "timeouts": null,
            "virtual_network_name": "perftest-westus2-worker-vnet"
          },
          "sensitive_attributes": [],
          "private": "eyJlMmJmYjczMC1lY2FhLTExZTYtOGY4OC0zNDM2M2JjN2M0YzAiOnsiY3JlYXRlIjoxODAwMDAwMDAwMDAwLCJkZWxldGUiOjE4MDAwMDAwMDAwMDAsInJlYWQiOjMwMDAwMDAwMDAwMCwidXBkYXRlIjoxODAwMDAwMDAwMDAwfX0=",
          "dependencies": [
            "module.workers.azurerm_virtual_network.vnet"
          ]
        }
      ]
    },
    {
      "module": "module.workers[\"4\"]",
      "mode": "managed",
      "type": "azurerm_virtual_network",
      "name": "vnet",
      "provider": "provider[\"registry.terraform.io/hashicorp/azurerm\"]",
      "instances": [
        {
          "schema_version": 0,
          "attributes": {
            "address_space": [
              "10.35.0.0/16"
            ],
            "bgp_community": "",
            "ddos_protection_plan": [],
            "dns_servers": [],
            "edge_zone": "",
            "flow_timeout_in_minutes": 0,
            "guid": "e65e8794-f5b8-4734-9e22-0544875cbca3",
            "id": "/subscriptions/53990dba-8128-4100-bb6d-ed38861c9f8f/resourceGroups/btp-perftest-with-SAP/providers/Microsoft.Network/virtualNetworks/perftest-westus2-worker-vnet",
            "location": "westus2",
            "name": "perftest-westus2-worker-vnet",
            "resource_group_name": "btp-perftest-with-SAP",
            "subnet": [
              {
                "address_prefix": "10.35.0.0/24",
                "id": "/subscriptions/53990dba-8128-4100-bb6d-ed38861c9f8f/resourceGroups/btp-perftest-with-SAP/providers/Microsoft.Network/virtualNetworks/perftest-westus2-worker-vnet/subnets/perftest-westus2-worker-subnet",
                "name": "perftest-westus2-worker-subnet",
                "security_group": ""
              }
            ],
            "tags": {},
            "timeouts": null
          },
          "sensitive_attributes": [],
          "private": "eyJlMmJmYjczMC1lY2FhLTExZTYtOGY4OC0zNDM2M2JjN2M0YzAiOnsiY3JlYXRlIjoxODAwMDAwMDAwMDAwLCJkZWxldGUiOjE4MDAwMDAwMDAwMDAsInJlYWQiOjMwMDAwMDAwMDAwMCwidXBkYXRlIjoxODAwMDAwMDAwMDAwfX0="
        }
      ]
    },
    {
      "module": "module.workers[\"4\"]",
      "mode": "managed",
      "type": "azurerm_virtual_network_peering",
      "name": "vnet_peering_controller",
      "provider": "provider[\"registry.terraform.io/hashicorp/azurerm\"]",
      "instances": [
        {
          "schema_version": 0,
          "attributes": {
            "allow_forwarded_traffic": false,
            "allow_gateway_transit": false,
            "allow_virtual_network_access": true,
            "id": "/subscriptions/53990dba-8128-4100-bb6d-ed38861c9f8f/resourceGroups/btp-perftest-with-SAP/providers/Microsoft.Network/virtualNetworks/perftest-canadacentral-vnet/virtualNetworkPeerings/perftest-westus2-controller-to-worker",
            "name": "perftest-westus2-controller-to-worker",
            "remote_virtual_network_id": "/subscriptions/53990dba-8128-4100-bb6d-ed38861c9f8f/resourceGroups/btp-perftest-with-SAP/providers/Microsoft.Network/virtualNetworks/perftest-westus2-worker-vnet",
            "resource_group_name": "btp-perftest-with-SAP",
            "timeouts": null,
            "triggers": null,
            "use_remote_gateways": false,
            "virtual_network_name": "perftest-canadacentral-vnet"
          },
          "sensitive_attributes": [],
          "private": "eyJlMmJmYjczMC1lY2FhLTExZTYtOGY4OC0zNDM2M2JjN2M0YzAiOnsiY3JlYXRlIjoxODAwMDAwMDAwMDAwLCJkZWxldGUiOjE4MDAwMDAwMDAwMDAsInJlYWQiOjMwMDAwMDAwMDAwMCwidXBkYXRlIjoxODAwMDAwMDAwMDAwfX0=",
          "dependencies": [
            "module.workers.azurerm_virtual_network.vnet"
          ]
        }
      ]
    },
    {
      "module": "module.workers[\"4\"]",
      "mode": "managed",
      "type": "azurerm_virtual_network_peering",
      "name": "vnet_peering_worker",
      "provider": "provider[\"registry.terraform.io/hashicorp/azurerm\"]",
      "instances": [
        {
          "schema_version": 0,
          "attributes": {
            "allow_forwarded_traffic": false,
            "allow_gateway_transit": false,
            "allow_virtual_network_access": true,
            "id": "/subscriptions/53990dba-8128-4100-bb6d-ed38861c9f8f/resourceGroups/btp-perftest-with-SAP/providers/Microsoft.Network/virtualNetworks/perftest-westus2-worker-vnet/virtualNetworkPeerings/perftest-westus2-worker-to-controller",
            "name": "perftest-westus2-worker-to-controller",
            "remote_virtual_network_id": "/subscriptions/53990dba-8128-4100-bb6d-ed38861c9f8f/resourceGroups/btp-perftest-with-SAP/providers/Microsoft.Network/virtualNetworks/perftest-canadacentral-vnet",
            "resource_group_name": "btp-perftest-with-SAP",
            "timeouts": null,
            "triggers": null,
            "use_remote_gateways": false,
            "virtual_network_name": "perftest-westus2-worker-vnet"
          },
          "sensitive_attributes": [],
          "private": "eyJlMmJmYjczMC1lY2FhLTExZTYtOGY4OC0zNDM2M2JjN2M0YzAiOnsiY3JlYXRlIjoxODAwMDAwMDAwMDAwLCJkZWxldGUiOjE4MDAwMDAwMDAwMDAsInJlYWQiOjMwMDAwMDAwMDAwMCwidXBkYXRlIjoxODAwMDAwMDAwMDAwfX0=",
          "dependencies": [
            "module.controller.azurerm_virtual_network.vnet",
            "module.workers.azurerm_virtual_network.vnet"
          ]
        }
      ]
    }
  ]
}
